// !$*UTF8*$!
{
	archiveVersion = 1;
	classes = {
	};
	objectVersion = 46;
	objects = {

/* Begin PBXBuildFile section */
		7C57A9FB18CF8CBE00DE6259 /* Parse.framework in Frameworks */ = {isa = PBXBuildFile; fileRef = 7C57A9FA18CF8CBE00DE6259 /* Parse.framework */; };
		7C57AA0318CF8E2000DE6259 /* LoginVC.m in Sources */ = {isa = PBXBuildFile; fileRef = 7C57AA0018CF8E2000DE6259 /* LoginVC.m */; };
		7C57AA0418CF8E2000DE6259 /* SignUpVC.m in Sources */ = {isa = PBXBuildFile; fileRef = 7C57AA0218CF8E2000DE6259 /* SignUpVC.m */; };
		7C57AA6818CF8EAE00DE6259 /* add_new_property_arrow.png in Resources */ = {isa = PBXBuildFile; fileRef = 7C57AA0618CF8EAE00DE6259 /* add_new_property_arrow.png */; };
		7C57AA6918CF8EAE00DE6259 /* add_new_property_arrow@2x.png in Resources */ = {isa = PBXBuildFile; fileRef = 7C57AA0718CF8EAE00DE6259 /* add_new_property_arrow@2x.png */; };
		7C57AA6A18CF8EAE00DE6259 /* add_new_propority_arrow.png in Resources */ = {isa = PBXBuildFile; fileRef = 7C57AA0818CF8EAE00DE6259 /* add_new_propority_arrow.png */; };
		7C57AA6B18CF8EAE00DE6259 /* add_new_propority_arrow@2x.png in Resources */ = {isa = PBXBuildFile; fileRef = 7C57AA0918CF8EAE00DE6259 /* add_new_propority_arrow@2x.png */; };
		7C57AA6C18CF8EAE00DE6259 /* badroom_icon.png in Resources */ = {isa = PBXBuildFile; fileRef = 7C57AA0A18CF8EAE00DE6259 /* badroom_icon.png */; };
		7C57AA6D18CF8EAE00DE6259 /* badroom_icon@2x.png in Resources */ = {isa = PBXBuildFile; fileRef = 7C57AA0B18CF8EAE00DE6259 /* badroom_icon@2x.png */; };
		7C57AA6E18CF8EAE00DE6259 /* bathroom_icon.png in Resources */ = {isa = PBXBuildFile; fileRef = 7C57AA0C18CF8EAE00DE6259 /* bathroom_icon.png */; };
		7C57AA6F18CF8EAE00DE6259 /* bathroom_icon@2x.png in Resources */ = {isa = PBXBuildFile; fileRef = 7C57AA0D18CF8EAE00DE6259 /* bathroom_icon@2x.png */; };
		7C57AA7018CF8EAE00DE6259 /* big_logo_white.png in Resources */ = {isa = PBXBuildFile; fileRef = 7C57AA0E18CF8EAE00DE6259 /* big_logo_white.png */; };
		7C57AA7118CF8EAE00DE6259 /* big_logo_white@2x.png in Resources */ = {isa = PBXBuildFile; fileRef = 7C57AA0F18CF8EAE00DE6259 /* big_logo_white@2x.png */; };
		7C57AA7218CF8EAE00DE6259 /* blue_pin.png in Resources */ = {isa = PBXBuildFile; fileRef = 7C57AA1018CF8EAE00DE6259 /* blue_pin.png */; };
		7C57AA7318CF8EAE00DE6259 /* blue_pin@2x.png in Resources */ = {isa = PBXBuildFile; fileRef = 7C57AA1118CF8EAE00DE6259 /* blue_pin@2x.png */; };
		7C57AA7418CF8EAE00DE6259 /* broken_circle_btn.png in Resources */ = {isa = PBXBuildFile; fileRef = 7C57AA1218CF8EAE00DE6259 /* broken_circle_btn.png */; };
		7C57AA7518CF8EAE00DE6259 /* broken_circle_btn@2x.png in Resources */ = {isa = PBXBuildFile; fileRef = 7C57AA1318CF8EAE00DE6259 /* broken_circle_btn@2x.png */; };
		7C57AA7618CF8EAE00DE6259 /* broken_circle_green_btn.png in Resources */ = {isa = PBXBuildFile; fileRef = 7C57AA1418CF8EAE00DE6259 /* broken_circle_green_btn.png */; };
		7C57AA7718CF8EAE00DE6259 /* broken_circle_green_btn@2x.png in Resources */ = {isa = PBXBuildFile; fileRef = 7C57AA1518CF8EAE00DE6259 /* broken_circle_green_btn@2x.png */; };
		7C57AA7818CF8EAE00DE6259 /* clean_circle_btn.png in Resources */ = {isa = PBXBuildFile; fileRef = 7C57AA1618CF8EAE00DE6259 /* clean_circle_btn.png */; };
		7C57AA7918CF8EAE00DE6259 /* clean_circle_btn@2x.png in Resources */ = {isa = PBXBuildFile; fileRef = 7C57AA1718CF8EAE00DE6259 /* clean_circle_btn@2x.png */; };
		7C57AA7A18CF8EAE00DE6259 /* clean_circle_green_btn.png in Resources */ = {isa = PBXBuildFile; fileRef = 7C57AA1818CF8EAE00DE6259 /* clean_circle_green_btn.png */; };
		7C57AA7B18CF8EAE00DE6259 /* clean_circle_green_btn@2x.png in Resources */ = {isa = PBXBuildFile; fileRef = 7C57AA1918CF8EAE00DE6259 /* clean_circle_green_btn@2x.png */; };
		7C57AA7C18CF8EAE00DE6259 /* clean_room_icon.png in Resources */ = {isa = PBXBuildFile; fileRef = 7C57AA1A18CF8EAE00DE6259 /* clean_room_icon.png */; };
		7C57AA7D18CF8EAE00DE6259 /* clean_room_icon@2x.png in Resources */ = {isa = PBXBuildFile; fileRef = 7C57AA1B18CF8EAE00DE6259 /* clean_room_icon@2x.png */; };
		7C57AA7E18CF8EAE00DE6259 /* cooknig_icon.png in Resources */ = {isa = PBXBuildFile; fileRef = 7C57AA1C18CF8EAE00DE6259 /* cooknig_icon.png */; };
		7C57AA7F18CF8EAE00DE6259 /* cooknig_icon@2x.png in Resources */ = {isa = PBXBuildFile; fileRef = 7C57AA1D18CF8EAE00DE6259 /* cooknig_icon@2x.png */; };
		7C57AA8018CF8EAE00DE6259 /* dining_room_icon.png in Resources */ = {isa = PBXBuildFile; fileRef = 7C57AA1E18CF8EAE00DE6259 /* dining_room_icon.png */; };
		7C57AA8118CF8EAE00DE6259 /* dining_room_icon@2x.png in Resources */ = {isa = PBXBuildFile; fileRef = 7C57AA1F18CF8EAE00DE6259 /* dining_room_icon@2x.png */; };
		7C57AA8218CF8EAE00DE6259 /* dirty_circle_btn.png in Resources */ = {isa = PBXBuildFile; fileRef = 7C57AA2018CF8EAE00DE6259 /* dirty_circle_btn.png */; };
		7C57AA8318CF8EAE00DE6259 /* dirty_circle_btn@2x.png in Resources */ = {isa = PBXBuildFile; fileRef = 7C57AA2118CF8EAE00DE6259 /* dirty_circle_btn@2x.png */; };
		7C57AA8418CF8EAE00DE6259 /* dirty_circle_green_btn.png in Resources */ = {isa = PBXBuildFile; fileRef = 7C57AA2218CF8EAE00DE6259 /* dirty_circle_green_btn.png */; };
		7C57AA8518CF8EAE00DE6259 /* dirty_circle_green_btn@2x.png in Resources */ = {isa = PBXBuildFile; fileRef = 7C57AA2318CF8EAE00DE6259 /* dirty_circle_green_btn@2x.png */; };
		7C57AA8618CF8EAE00DE6259 /* forgot_password_tit.png in Resources */ = {isa = PBXBuildFile; fileRef = 7C57AA2418CF8EAE00DE6259 /* forgot_password_tit.png */; };
		7C57AA8718CF8EAE00DE6259 /* forgot_password_tit@2x.png in Resources */ = {isa = PBXBuildFile; fileRef = 7C57AA2518CF8EAE00DE6259 /* forgot_password_tit@2x.png */; };
		7C57AA8818CF8EAE00DE6259 /* garden_room_icon.png in Resources */ = {isa = PBXBuildFile; fileRef = 7C57AA2618CF8EAE00DE6259 /* garden_room_icon.png */; };
		7C57AA8918CF8EAE00DE6259 /* garden_room_icon@2x.png in Resources */ = {isa = PBXBuildFile; fileRef = 7C57AA2718CF8EAE00DE6259 /* garden_room_icon@2x.png */; };
		7C57AA8A18CF8EAE00DE6259 /* good_circvle_btn.png in Resources */ = {isa = PBXBuildFile; fileRef = 7C57AA2818CF8EAE00DE6259 /* good_circvle_btn.png */; };
		7C57AA8B18CF8EAE00DE6259 /* good_circvle_btn@2x.png in Resources */ = {isa = PBXBuildFile; fileRef = 7C57AA2918CF8EAE00DE6259 /* good_circvle_btn@2x.png */; };
		7C57AA8C18CF8EAE00DE6259 /* good_circvle_green_btn.png in Resources */ = {isa = PBXBuildFile; fileRef = 7C57AA2A18CF8EAE00DE6259 /* good_circvle_green_btn.png */; };
		7C57AA8D18CF8EAE00DE6259 /* good_circvle_green_btn@2x.png in Resources */ = {isa = PBXBuildFile; fileRef = 7C57AA2B18CF8EAE00DE6259 /* good_circvle_green_btn@2x.png */; };
		7C57AA8E18CF8EAE00DE6259 /* green_dot_option.png in Resources */ = {isa = PBXBuildFile; fileRef = 7C57AA2C18CF8EAE00DE6259 /* green_dot_option.png */; };
		7C57AA8F18CF8EAE00DE6259 /* green_dot_option@2x.png in Resources */ = {isa = PBXBuildFile; fileRef = 7C57AA2D18CF8EAE00DE6259 /* green_dot_option@2x.png */; };
		7C57AA9618CF8EAE00DE6259 /* header_logo.png in Resources */ = {isa = PBXBuildFile; fileRef = 7C57AA3418CF8EAE00DE6259 /* header_logo.png */; };
		7C57AA9718CF8EAE00DE6259 /* header_logo@2x.png in Resources */ = {isa = PBXBuildFile; fileRef = 7C57AA3518CF8EAE00DE6259 /* header_logo@2x.png */; };
		7C57AA9818CF8EAE00DE6259 /* header_white_arrow.png in Resources */ = {isa = PBXBuildFile; fileRef = 7C57AA3618CF8EAE00DE6259 /* header_white_arrow.png */; };
		7C57AA9918CF8EAE00DE6259 /* header_white_arrow@2x.png in Resources */ = {isa = PBXBuildFile; fileRef = 7C57AA3718CF8EAE00DE6259 /* header_white_arrow@2x.png */; };
		7C57AA9A18CF8EAE00DE6259 /* list_side_arrow.png in Resources */ = {isa = PBXBuildFile; fileRef = 7C57AA3818CF8EAE00DE6259 /* list_side_arrow.png */; };
		7C57AA9B18CF8EAE00DE6259 /* list_side_arrow@2x.png in Resources */ = {isa = PBXBuildFile; fileRef = 7C57AA3918CF8EAE00DE6259 /* list_side_arrow@2x.png */; };
		7C57AA9C18CF8EAE00DE6259 /* living_room_icon.png in Resources */ = {isa = PBXBuildFile; fileRef = 7C57AA3A18CF8EAE00DE6259 /* living_room_icon.png */; };
		7C57AA9D18CF8EAE00DE6259 /* living_room_icon@2x.png in Resources */ = {isa = PBXBuildFile; fileRef = 7C57AA3B18CF8EAE00DE6259 /* living_room_icon@2x.png */; };
		7C57AA9E18CF8EAE00DE6259 /* Lobby_icon.png in Resources */ = {isa = PBXBuildFile; fileRef = 7C57AA3C18CF8EAE00DE6259 /* Lobby_icon.png */; };
		7C57AA9F18CF8EAE00DE6259 /* Lobby_icon@2x.png in Resources */ = {isa = PBXBuildFile; fileRef = 7C57AA3D18CF8EAE00DE6259 /* Lobby_icon@2x.png */; };
		7C57AAA018CF8EAE00DE6259 /* note_write_field.png in Resources */ = {isa = PBXBuildFile; fileRef = 7C57AA3E18CF8EAE00DE6259 /* note_write_field.png */; };
		7C57AAA118CF8EAE00DE6259 /* note_write_field@2x.png in Resources */ = {isa = PBXBuildFile; fileRef = 7C57AA3F18CF8EAE00DE6259 /* note_write_field@2x.png */; };
		7C57AAA218CF8EAE00DE6259 /* notice_circle_btn.png in Resources */ = {isa = PBXBuildFile; fileRef = 7C57AA4018CF8EAE00DE6259 /* notice_circle_btn.png */; };
		7C57AAA318CF8EAE00DE6259 /* notice_circle_btn@2x.png in Resources */ = {isa = PBXBuildFile; fileRef = 7C57AA4118CF8EAE00DE6259 /* notice_circle_btn@2x.png */; };
		7C57AAA418CF8EAE00DE6259 /* notice_circle_green_btn.png in Resources */ = {isa = PBXBuildFile; fileRef = 7C57AA4218CF8EAE00DE6259 /* notice_circle_green_btn.png */; };
		7C57AAA518CF8EAE00DE6259 /* notice_circle_green_btn@2x.png in Resources */ = {isa = PBXBuildFile; fileRef = 7C57AA4318CF8EAE00DE6259 /* notice_circle_green_btn@2x.png */; };
		7C57AAA618CF8EAE00DE6259 /* ok_circle_btn.png in Resources */ = {isa = PBXBuildFile; fileRef = 7C57AA4418CF8EAE00DE6259 /* ok_circle_btn.png */; };
		7C57AAA718CF8EAE00DE6259 /* ok_circle_btn@2x.png in Resources */ = {isa = PBXBuildFile; fileRef = 7C57AA4518CF8EAE00DE6259 /* ok_circle_btn@2x.png */; };
		7C57AAA818CF8EAE00DE6259 /* ok_circle_green_btn.png in Resources */ = {isa = PBXBuildFile; fileRef = 7C57AA4618CF8EAE00DE6259 /* ok_circle_green_btn.png */; };
		7C57AAA918CF8EAE00DE6259 /* ok_circle_green_btn@2x.png in Resources */ = {isa = PBXBuildFile; fileRef = 7C57AA4718CF8EAE00DE6259 /* ok_circle_green_btn@2x.png */; };
		7C57AAAA18CF8EAE00DE6259 /* orange_bar_addnew_section.png in Resources */ = {isa = PBXBuildFile; fileRef = 7C57AA4818CF8EAE00DE6259 /* orange_bar_addnew_section.png */; };
		7C57AAAB18CF8EAE00DE6259 /* orange_bar_addnew_section@2x.png in Resources */ = {isa = PBXBuildFile; fileRef = 7C57AA4918CF8EAE00DE6259 /* orange_bar_addnew_section@2x.png */; };
		7C57AAAC18CF8EAE00DE6259 /* orange_bar_save.png in Resources */ = {isa = PBXBuildFile; fileRef = 7C57AA4A18CF8EAE00DE6259 /* orange_bar_save.png */; };
		7C57AAAD18CF8EAE00DE6259 /* orange_bar_save@2x.png in Resources */ = {isa = PBXBuildFile; fileRef = 7C57AA4B18CF8EAE00DE6259 /* orange_bar_save@2x.png */; };
		7C57AAAE18CF8EAE00DE6259 /* orange_bar_send_report_btn.png in Resources */ = {isa = PBXBuildFile; fileRef = 7C57AA4C18CF8EAE00DE6259 /* orange_bar_send_report_btn.png */; };
		7C57AAAF18CF8EAE00DE6259 /* orange_bar_send_report_btn@2x.png in Resources */ = {isa = PBXBuildFile; fileRef = 7C57AA4D18CF8EAE00DE6259 /* orange_bar_send_report_btn@2x.png */; };
		7C57AAB018CF8EAE00DE6259 /* photo_camera_btn.png in Resources */ = {isa = PBXBuildFile; fileRef = 7C57AA4E18CF8EAE00DE6259 /* photo_camera_btn.png */; };
		7C57AAB118CF8EAE00DE6259 /* photo_camera_btn@2x.png in Resources */ = {isa = PBXBuildFile; fileRef = 7C57AA4F18CF8EAE00DE6259 /* photo_camera_btn@2x.png */; };
		7C57AAB218CF8EAE00DE6259 /* plus.png in Resources */ = {isa = PBXBuildFile; fileRef = 7C57AA5018CF8EAE00DE6259 /* plus.png */; };
		7C57AAB318CF8EAE00DE6259 /* plus@2x.png in Resources */ = {isa = PBXBuildFile; fileRef = 7C57AA5118CF8EAE00DE6259 /* plus@2x.png */; };
		7C57AAB418CF8EAE00DE6259 /* register_new_account_btn.png in Resources */ = {isa = PBXBuildFile; fileRef = 7C57AA5218CF8EAE00DE6259 /* register_new_account_btn.png */; };
		7C57AAB518CF8EAE00DE6259 /* register_new_account_btn@2x.png in Resources */ = {isa = PBXBuildFile; fileRef = 7C57AA5318CF8EAE00DE6259 /* register_new_account_btn@2x.png */; };
		7C57AAB618CF8EAE00DE6259 /* Search.png in Resources */ = {isa = PBXBuildFile; fileRef = 7C57AA5418CF8EAE00DE6259 /* Search.png */; };
		7C57AAB718CF8EAE00DE6259 /* Search@2x.png in Resources */ = {isa = PBXBuildFile; fileRef = 7C57AA5518CF8EAE00DE6259 /* Search@2x.png */; };
		7C57AAB818CF8EAE00DE6259 /* select_property.png in Resources */ = {isa = PBXBuildFile; fileRef = 7C57AA5618CF8EAE00DE6259 /* select_property.png */; };
		7C57AAB918CF8EAE00DE6259 /* select_property@2x.png in Resources */ = {isa = PBXBuildFile; fileRef = 7C57AA5718CF8EAE00DE6259 /* select_property@2x.png */; };
		7C57AABA18CF8EAE00DE6259 /* sign_in_btn.png in Resources */ = {isa = PBXBuildFile; fileRef = 7C57AA5818CF8EAE00DE6259 /* sign_in_btn.png */; };
		7C57AABB18CF8EAE00DE6259 /* sign_in_btn@2x.png in Resources */ = {isa = PBXBuildFile; fileRef = 7C57AA5918CF8EAE00DE6259 /* sign_in_btn@2x.png */; };
		7C57AAC218CF8EAE00DE6259 /* text_field.png in Resources */ = {isa = PBXBuildFile; fileRef = 7C57AA6018CF8EAE00DE6259 /* text_field.png */; };
		7C57AAC318CF8EAE00DE6259 /* text_field@2x.png in Resources */ = {isa = PBXBuildFile; fileRef = 7C57AA6118CF8EAE00DE6259 /* text_field@2x.png */; };
		7C57AAC418CF8EAE00DE6259 /* text_green_field.png in Resources */ = {isa = PBXBuildFile; fileRef = 7C57AA6218CF8EAE00DE6259 /* text_green_field.png */; };
		7C57AAC518CF8EAE00DE6259 /* text_green_field@2x.png in Resources */ = {isa = PBXBuildFile; fileRef = 7C57AA6318CF8EAE00DE6259 /* text_green_field@2x.png */; };
		7C57AAC618CF8EAE00DE6259 /* white_dot_option.png in Resources */ = {isa = PBXBuildFile; fileRef = 7C57AA6418CF8EAE00DE6259 /* white_dot_option.png */; };
		7C57AAC718CF8EAE00DE6259 /* white_dot_option@2x.png in Resources */ = {isa = PBXBuildFile; fileRef = 7C57AA6518CF8EAE00DE6259 /* white_dot_option@2x.png */; };
		7C57AAC818CF8EAE00DE6259 /* you_have_account.png in Resources */ = {isa = PBXBuildFile; fileRef = 7C57AA6618CF8EAE00DE6259 /* you_have_account.png */; };
		7C57AAC918CF8EAE00DE6259 /* you_have_account@2x.png in Resources */ = {isa = PBXBuildFile; fileRef = 7C57AA6718CF8EAE00DE6259 /* you_have_account@2x.png */; };
		7CBC230518D0A7350035D3E4 /* add_new_inspections_arrow.png in Resources */ = {isa = PBXBuildFile; fileRef = 7CBC22FB18D0A7350035D3E4 /* add_new_inspections_arrow.png */; };
		7CBC230618D0A7350035D3E4 /* add_new_inspections_arrow@2x.png in Resources */ = {isa = PBXBuildFile; fileRef = 7CBC22FC18D0A7350035D3E4 /* add_new_inspections_arrow@2x.png */; };
		7CBC230718D0A7350035D3E4 /* homebkg.png in Resources */ = {isa = PBXBuildFile; fileRef = 7CBC22FD18D0A7350035D3E4 /* homebkg.png */; };
		7CBC230818D0A7350035D3E4 /* homebkg@2x.png in Resources */ = {isa = PBXBuildFile; fileRef = 7CBC22FE18D0A7350035D3E4 /* homebkg@2x.png */; };
		7CBC230918D0A7350035D3E4 /* tabe_inspection.png in Resources */ = {isa = PBXBuildFile; fileRef = 7CBC22FF18D0A7350035D3E4 /* tabe_inspection.png */; };
		7CBC230A18D0A7350035D3E4 /* tabe_inspection@2x.png in Resources */ = {isa = PBXBuildFile; fileRef = 7CBC230018D0A7350035D3E4 /* tabe_inspection@2x.png */; };
		7CBC230B18D0A7350035D3E4 /* tabe_notes.png in Resources */ = {isa = PBXBuildFile; fileRef = 7CBC230118D0A7350035D3E4 /* tabe_notes.png */; };
		7CBC230C18D0A7350035D3E4 /* tabe_notes@2x.png in Resources */ = {isa = PBXBuildFile; fileRef = 7CBC230218D0A7350035D3E4 /* tabe_notes@2x.png */; };
		7CBC230D18D0A7350035D3E4 /* tabe_propority.png in Resources */ = {isa = PBXBuildFile; fileRef = 7CBC230318D0A7350035D3E4 /* tabe_propority.png */; };
		7CBC230E18D0A7350035D3E4 /* tabe_propority@2x.png in Resources */ = {isa = PBXBuildFile; fileRef = 7CBC230418D0A7350035D3E4 /* tabe_propority@2x.png */; };
		8496101C18A10C1100A94088 /* BrowseInspectionVC.m in Sources */ = {isa = PBXBuildFile; fileRef = 8496101B18A10C1100A94088 /* BrowseInspectionVC.m */; };
		84B904EF18A1FA5A003771E1 /* XCDFormInputAccessoryView.m in Sources */ = {isa = PBXBuildFile; fileRef = 84B904EE18A1FA5A003771E1 /* XCDFormInputAccessoryView.m */; };
		84B904F518A1FAC0003771E1 /* Accessory_left.png in Resources */ = {isa = PBXBuildFile; fileRef = 84B904F118A1FAC0003771E1 /* Accessory_left.png */; };
		84B904F618A1FAC0003771E1 /* Accessory_left@2x.png in Resources */ = {isa = PBXBuildFile; fileRef = 84B904F218A1FAC0003771E1 /* Accessory_left@2x.png */; };
		84B904F718A1FAC0003771E1 /* Accessory_right.png in Resources */ = {isa = PBXBuildFile; fileRef = 84B904F318A1FAC0003771E1 /* Accessory_right.png */; };
		84B904F818A1FAC0003771E1 /* Accessory_right@2x.png in Resources */ = {isa = PBXBuildFile; fileRef = 84B904F418A1FAC0003771E1 /* Accessory_right@2x.png */; };
		84B904FA18A228E3003771E1 /* Default.png in Resources */ = {isa = PBXBuildFile; fileRef = 84B904F918A228E3003771E1 /* Default.png */; };
		84B904FC18A22B8A003771E1 /* Default-690.png in Resources */ = {isa = PBXBuildFile; fileRef = 84B904FB18A22B8A003771E1 /* Default-690.png */; };
		84B9050918A22F57003771E1 /* 1024.png in Resources */ = {isa = PBXBuildFile; fileRef = 84B904FF18A22F57003771E1 /* 1024.png */; };
		84B9050A18A22F57003771E1 /* 120.png in Resources */ = {isa = PBXBuildFile; fileRef = 84B9050018A22F57003771E1 /* 120.png */; };
		84B9050B18A22F57003771E1 /* 152.png in Resources */ = {isa = PBXBuildFile; fileRef = 84B9050118A22F57003771E1 /* 152.png */; };
		84B9050C18A22F57003771E1 /* 29.png in Resources */ = {isa = PBXBuildFile; fileRef = 84B9050218A22F57003771E1 /* 29.png */; };
		84B9050D18A22F57003771E1 /* 40.png in Resources */ = {isa = PBXBuildFile; fileRef = 84B9050318A22F57003771E1 /* 40.png */; };
		84B9050E18A22F57003771E1 /* 512.png in Resources */ = {isa = PBXBuildFile; fileRef = 84B9050418A22F57003771E1 /* 512.png */; };
		84B9050F18A22F57003771E1 /* 58.png in Resources */ = {isa = PBXBuildFile; fileRef = 84B9050518A22F57003771E1 /* 58.png */; };
		84B9051018A22F57003771E1 /* 60.png in Resources */ = {isa = PBXBuildFile; fileRef = 84B9050618A22F57003771E1 /* 60.png */; };
		84B9051118A22F57003771E1 /* 76.png in Resources */ = {isa = PBXBuildFile; fileRef = 84B9050718A22F57003771E1 /* 76.png */; };
		84B9051218A22F57003771E1 /* 80.png in Resources */ = {isa = PBXBuildFile; fileRef = 84B9050818A22F57003771E1 /* 80.png */; };
		84B9051818A26356003771E1 /* takePhotobkg.png in Resources */ = {isa = PBXBuildFile; fileRef = 84B9051618A26356003771E1 /* takePhotobkg.png */; };
		84B9051918A26356003771E1 /* takePhotobkg@2x.png in Resources */ = {isa = PBXBuildFile; fileRef = 84B9051718A26356003771E1 /* takePhotobkg@2x.png */; };
		84B9051C18A26AFF003771E1 /* CallUsViewController.m in Sources */ = {isa = PBXBuildFile; fileRef = 84B9051B18A26AFF003771E1 /* CallUsViewController.m */; };
		84B9051E18A26BF9003771E1 /* MessageUI.framework in Frameworks */ = {isa = PBXBuildFile; fileRef = 84B9051D18A26BF9003771E1 /* MessageUI.framework */; };
		84BFB510189E12FD0069A87A /* Foundation.framework in Frameworks */ = {isa = PBXBuildFile; fileRef = 84BFB50F189E12FD0069A87A /* Foundation.framework */; };
		84BFB512189E12FD0069A87A /* CoreGraphics.framework in Frameworks */ = {isa = PBXBuildFile; fileRef = 84BFB511189E12FD0069A87A /* CoreGraphics.framework */; };
		84BFB514189E12FD0069A87A /* UIKit.framework in Frameworks */ = {isa = PBXBuildFile; fileRef = 84BFB513189E12FD0069A87A /* UIKit.framework */; };
		84BFB51A189E12FD0069A87A /* InfoPlist.strings in Resources */ = {isa = PBXBuildFile; fileRef = 84BFB518189E12FD0069A87A /* InfoPlist.strings */; };
		84BFB51C189E12FD0069A87A /* main.m in Sources */ = {isa = PBXBuildFile; fileRef = 84BFB51B189E12FD0069A87A /* main.m */; };
		84BFB520189E12FD0069A87A /* AppDelegate.m in Sources */ = {isa = PBXBuildFile; fileRef = 84BFB51F189E12FD0069A87A /* AppDelegate.m */; };
		84BFB523189E12FD0069A87A /* Main.storyboard in Resources */ = {isa = PBXBuildFile; fileRef = 84BFB521189E12FD0069A87A /* Main.storyboard */; };
		84BFB526189E12FD0069A87A /* HomePageVC.m in Sources */ = {isa = PBXBuildFile; fileRef = 84BFB525189E12FD0069A87A /* HomePageVC.m */; };
		84BFB528189E12FD0069A87A /* Images.xcassets in Resources */ = {isa = PBXBuildFile; fileRef = 84BFB527189E12FD0069A87A /* Images.xcassets */; };
		84BFB52F189E12FD0069A87A /* XCTest.framework in Frameworks */ = {isa = PBXBuildFile; fileRef = 84BFB52E189E12FD0069A87A /* XCTest.framework */; };
		84BFB530189E12FD0069A87A /* Foundation.framework in Frameworks */ = {isa = PBXBuildFile; fileRef = 84BFB50F189E12FD0069A87A /* Foundation.framework */; };
		84BFB531189E12FD0069A87A /* UIKit.framework in Frameworks */ = {isa = PBXBuildFile; fileRef = 84BFB513189E12FD0069A87A /* UIKit.framework */; };
		84BFB539189E12FD0069A87A /* InfoPlist.strings in Resources */ = {isa = PBXBuildFile; fileRef = 84BFB537189E12FD0069A87A /* InfoPlist.strings */; };
		84BFB53B189E12FD0069A87A /* AqarNoteTests.m in Sources */ = {isa = PBXBuildFile; fileRef = 84BFB53A189E12FD0069A87A /* AqarNoteTests.m */; };
		84BFB547189E18230069A87A /* AudioToolbox.framework in Frameworks */ = {isa = PBXBuildFile; fileRef = 84BFB546189E18230069A87A /* AudioToolbox.framework */; };
		84BFB549189E18290069A87A /* CFNetwork.framework in Frameworks */ = {isa = PBXBuildFile; fileRef = 84BFB548189E18290069A87A /* CFNetwork.framework */; };
		84BFB54B189E18310069A87A /* CoreLocation.framework in Frameworks */ = {isa = PBXBuildFile; fileRef = 84BFB54A189E18310069A87A /* CoreLocation.framework */; };
		84BFB54D189E183D0069A87A /* libz.dylib in Frameworks */ = {isa = PBXBuildFile; fileRef = 84BFB54C189E183D0069A87A /* libz.dylib */; };
		84BFB54F189E18470069A87A /* MobileCoreServices.framework in Frameworks */ = {isa = PBXBuildFile; fileRef = 84BFB54E189E18470069A87A /* MobileCoreServices.framework */; };
		84BFB551189E184D0069A87A /* QuartzCore.framework in Frameworks */ = {isa = PBXBuildFile; fileRef = 84BFB550189E184D0069A87A /* QuartzCore.framework */; };
		84BFB553189E18560069A87A /* Security.framework in Frameworks */ = {isa = PBXBuildFile; fileRef = 84BFB552189E18560069A87A /* Security.framework */; };
		84BFB555189E18640069A87A /* StoreKit.framework in Frameworks */ = {isa = PBXBuildFile; fileRef = 84BFB554189E18640069A87A /* StoreKit.framework */; };
		84BFB557189E18700069A87A /* SystemConfiguration.framework in Frameworks */ = {isa = PBXBuildFile; fileRef = 84BFB556189E18700069A87A /* SystemConfiguration.framework */; };
		84BFB55F189E48830069A87A /* AddNewAqarVC.m in Sources */ = {isa = PBXBuildFile; fileRef = 84BFB55E189E48830069A87A /* AddNewAqarVC.m */; };
		84BFB561189E4B220069A87A /* FacebookSDK.framework in Frameworks */ = {isa = PBXBuildFile; fileRef = 84BFB560189E4B220069A87A /* FacebookSDK.framework */; };
		84BFB56A189E5F0F0069A87A /* MBProgressHUD.m in Sources */ = {isa = PBXBuildFile; fileRef = 84BFB569189E5F0F0069A87A /* MBProgressHUD.m */; };
		84BFB56F189E7CC00069A87A /* secIcon.png in Resources */ = {isa = PBXBuildFile; fileRef = 84BFB56E189E7CC00069A87A /* secIcon.png */; };
		84CC6974189F607C0027C844 /* 37x-Checkmark.png in Resources */ = {isa = PBXBuildFile; fileRef = 84CC6973189F607C0027C844 /* 37x-Checkmark.png */; };
		84CC6979189F760C0027C844 /* PropertyCell.m in Sources */ = {isa = PBXBuildFile; fileRef = 84CC6978189F760C0027C844 /* PropertyCell.m */; };
		84CC697B189F761B0027C844 /* PropertyCell.xib in Resources */ = {isa = PBXBuildFile; fileRef = 84CC697A189F761B0027C844 /* PropertyCell.xib */; };
		84CC697F189F77510027C844 /* date_upcoming.png in Resources */ = {isa = PBXBuildFile; fileRef = 84CC697C189F77510027C844 /* date_upcoming.png */; };
		84CC6980189F77510027C844 /* icon_satellite.png in Resources */ = {isa = PBXBuildFile; fileRef = 84CC697D189F77510027C844 /* icon_satellite.png */; };
		84CC6981189F77510027C844 /* time_upcoming.png in Resources */ = {isa = PBXBuildFile; fileRef = 84CC697E189F77510027C844 /* time_upcoming.png */; };
		84CC6984189F79FE0027C844 /* SDWebImage.framework in Frameworks */ = {isa = PBXBuildFile; fileRef = 84CC6983189F79FE0027C844 /* SDWebImage.framework */; };
		84CC6986189F7B010027C844 /* default image.png in Resources */ = {isa = PBXBuildFile; fileRef = 84CC6985189F7B010027C844 /* default image.png */; };
		84CC6989189F95270027C844 /* NotesVC.m in Sources */ = {isa = PBXBuildFile; fileRef = 84CC6988189F95270027C844 /* NotesVC.m */; };
		84CC698C189F95420027C844 /* InspectionsVC.m in Sources */ = {isa = PBXBuildFile; fileRef = 84CC698B189F95420027C844 /* InspectionsVC.m */; };
		84CC698F189F95CA0027C844 /* InspectionCell.m in Sources */ = {isa = PBXBuildFile; fileRef = 84CC698E189F95CA0027C844 /* InspectionCell.m */; };
		84CC6991189F95E20027C844 /* InspectionCell.xib in Resources */ = {isa = PBXBuildFile; fileRef = 84CC6990189F95E20027C844 /* InspectionCell.xib */; };
		84CC6994189F9AA30027C844 /* activeSelectDefuilt.png in Resources */ = {isa = PBXBuildFile; fileRef = 84CC6992189F9AA30027C844 /* activeSelectDefuilt.png */; };
		84CC6995189F9AA30027C844 /* UnActiveSelectDefuilt.png in Resources */ = {isa = PBXBuildFile; fileRef = 84CC6993189F9AA30027C844 /* UnActiveSelectDefuilt.png */; };
		84CC6998189FA3620027C844 /* ChoosePropertyVC.m in Sources */ = {isa = PBXBuildFile; fileRef = 84CC6997189FA3620027C844 /* ChoosePropertyVC.m */; };
		84CC699A189FC4030027C844 /* arrow_lift_side.png in Resources */ = {isa = PBXBuildFile; fileRef = 84CC6999189FC4030027C844 /* arrow_lift_side.png */; };
		84CC699F189FC5740027C844 /* AddNewInspectionVC.m in Sources */ = {isa = PBXBuildFile; fileRef = 84CC699E189FC5740027C844 /* AddNewInspectionVC.m */; };
/* End PBXBuildFile section */

/* Begin PBXContainerItemProxy section */
		84BFB532189E12FD0069A87A /* PBXContainerItemProxy */ = {
			isa = PBXContainerItemProxy;
			containerPortal = 84BFB504189E12FD0069A87A /* Project object */;
			proxyType = 1;
			remoteGlobalIDString = 84BFB50B189E12FD0069A87A;
			remoteInfo = AqarNote;
		};
/* End PBXContainerItemProxy section */

/* Begin PBXFileReference section */
		7C57A9FA18CF8CBE00DE6259 /* Parse.framework */ = {isa = PBXFileReference; lastKnownFileType = wrapper.framework; name = Parse.framework; path = Libraries/Parse.framework; sourceTree = "<group>"; };
		7C57A9FF18CF8E2000DE6259 /* LoginVC.h */ = {isa = PBXFileReference; fileEncoding = 4; lastKnownFileType = sourcecode.c.h; path = LoginVC.h; sourceTree = "<group>"; };
		7C57AA0018CF8E2000DE6259 /* LoginVC.m */ = {isa = PBXFileReference; fileEncoding = 4; lastKnownFileType = sourcecode.c.objc; path = LoginVC.m; sourceTree = "<group>"; };
		7C57AA0118CF8E2000DE6259 /* SignUpVC.h */ = {isa = PBXFileReference; fileEncoding = 4; lastKnownFileType = sourcecode.c.h; path = SignUpVC.h; sourceTree = "<group>"; };
		7C57AA0218CF8E2000DE6259 /* SignUpVC.m */ = {isa = PBXFileReference; fileEncoding = 4; lastKnownFileType = sourcecode.c.objc; path = SignUpVC.m; sourceTree = "<group>"; };
		7C57AA0618CF8EAE00DE6259 /* add_new_property_arrow.png */ = {isa = PBXFileReference; lastKnownFileType = image.png; path = add_new_property_arrow.png; sourceTree = "<group>"; };
		7C57AA0718CF8EAE00DE6259 /* add_new_property_arrow@2x.png */ = {isa = PBXFileReference; lastKnownFileType = image.png; path = "add_new_property_arrow@2x.png"; sourceTree = "<group>"; };
		7C57AA0818CF8EAE00DE6259 /* add_new_propority_arrow.png */ = {isa = PBXFileReference; lastKnownFileType = image.png; path = add_new_propority_arrow.png; sourceTree = "<group>"; };
		7C57AA0918CF8EAE00DE6259 /* add_new_propority_arrow@2x.png */ = {isa = PBXFileReference; lastKnownFileType = image.png; path = "add_new_propority_arrow@2x.png"; sourceTree = "<group>"; };
		7C57AA0A18CF8EAE00DE6259 /* badroom_icon.png */ = {isa = PBXFileReference; lastKnownFileType = image.png; path = badroom_icon.png; sourceTree = "<group>"; };
		7C57AA0B18CF8EAE00DE6259 /* badroom_icon@2x.png */ = {isa = PBXFileReference; lastKnownFileType = image.png; path = "badroom_icon@2x.png"; sourceTree = "<group>"; };
		7C57AA0C18CF8EAE00DE6259 /* bathroom_icon.png */ = {isa = PBXFileReference; lastKnownFileType = image.png; path = bathroom_icon.png; sourceTree = "<group>"; };
		7C57AA0D18CF8EAE00DE6259 /* bathroom_icon@2x.png */ = {isa = PBXFileReference; lastKnownFileType = image.png; path = "bathroom_icon@2x.png"; sourceTree = "<group>"; };
		7C57AA0E18CF8EAE00DE6259 /* big_logo_white.png */ = {isa = PBXFileReference; lastKnownFileType = image.png; path = big_logo_white.png; sourceTree = "<group>"; };
		7C57AA0F18CF8EAE00DE6259 /* big_logo_white@2x.png */ = {isa = PBXFileReference; lastKnownFileType = image.png; path = "big_logo_white@2x.png"; sourceTree = "<group>"; };
		7C57AA1018CF8EAE00DE6259 /* blue_pin.png */ = {isa = PBXFileReference; lastKnownFileType = image.png; path = blue_pin.png; sourceTree = "<group>"; };
		7C57AA1118CF8EAE00DE6259 /* blue_pin@2x.png */ = {isa = PBXFileReference; lastKnownFileType = image.png; path = "blue_pin@2x.png"; sourceTree = "<group>"; };
		7C57AA1218CF8EAE00DE6259 /* broken_circle_btn.png */ = {isa = PBXFileReference; lastKnownFileType = image.png; path = broken_circle_btn.png; sourceTree = "<group>"; };
		7C57AA1318CF8EAE00DE6259 /* broken_circle_btn@2x.png */ = {isa = PBXFileReference; lastKnownFileType = image.png; path = "broken_circle_btn@2x.png"; sourceTree = "<group>"; };
		7C57AA1418CF8EAE00DE6259 /* broken_circle_green_btn.png */ = {isa = PBXFileReference; lastKnownFileType = image.png; path = broken_circle_green_btn.png; sourceTree = "<group>"; };
		7C57AA1518CF8EAE00DE6259 /* broken_circle_green_btn@2x.png */ = {isa = PBXFileReference; lastKnownFileType = image.png; path = "broken_circle_green_btn@2x.png"; sourceTree = "<group>"; };
		7C57AA1618CF8EAE00DE6259 /* clean_circle_btn.png */ = {isa = PBXFileReference; lastKnownFileType = image.png; path = clean_circle_btn.png; sourceTree = "<group>"; };
		7C57AA1718CF8EAE00DE6259 /* clean_circle_btn@2x.png */ = {isa = PBXFileReference; lastKnownFileType = image.png; path = "clean_circle_btn@2x.png"; sourceTree = "<group>"; };
		7C57AA1818CF8EAE00DE6259 /* clean_circle_green_btn.png */ = {isa = PBXFileReference; lastKnownFileType = image.png; path = clean_circle_green_btn.png; sourceTree = "<group>"; };
		7C57AA1918CF8EAE00DE6259 /* clean_circle_green_btn@2x.png */ = {isa = PBXFileReference; lastKnownFileType = image.png; path = "clean_circle_green_btn@2x.png"; sourceTree = "<group>"; };
		7C57AA1A18CF8EAE00DE6259 /* clean_room_icon.png */ = {isa = PBXFileReference; lastKnownFileType = image.png; path = clean_room_icon.png; sourceTree = "<group>"; };
		7C57AA1B18CF8EAE00DE6259 /* clean_room_icon@2x.png */ = {isa = PBXFileReference; lastKnownFileType = image.png; path = "clean_room_icon@2x.png"; sourceTree = "<group>"; };
		7C57AA1C18CF8EAE00DE6259 /* cooknig_icon.png */ = {isa = PBXFileReference; lastKnownFileType = image.png; path = cooknig_icon.png; sourceTree = "<group>"; };
		7C57AA1D18CF8EAE00DE6259 /* cooknig_icon@2x.png */ = {isa = PBXFileReference; lastKnownFileType = image.png; path = "cooknig_icon@2x.png"; sourceTree = "<group>"; };
		7C57AA1E18CF8EAE00DE6259 /* dining_room_icon.png */ = {isa = PBXFileReference; lastKnownFileType = image.png; path = dining_room_icon.png; sourceTree = "<group>"; };
		7C57AA1F18CF8EAE00DE6259 /* dining_room_icon@2x.png */ = {isa = PBXFileReference; lastKnownFileType = image.png; path = "dining_room_icon@2x.png"; sourceTree = "<group>"; };
		7C57AA2018CF8EAE00DE6259 /* dirty_circle_btn.png */ = {isa = PBXFileReference; lastKnownFileType = image.png; path = dirty_circle_btn.png; sourceTree = "<group>"; };
		7C57AA2118CF8EAE00DE6259 /* dirty_circle_btn@2x.png */ = {isa = PBXFileReference; lastKnownFileType = image.png; path = "dirty_circle_btn@2x.png"; sourceTree = "<group>"; };
		7C57AA2218CF8EAE00DE6259 /* dirty_circle_green_btn.png */ = {isa = PBXFileReference; lastKnownFileType = image.png; path = dirty_circle_green_btn.png; sourceTree = "<group>"; };
		7C57AA2318CF8EAE00DE6259 /* dirty_circle_green_btn@2x.png */ = {isa = PBXFileReference; lastKnownFileType = image.png; path = "dirty_circle_green_btn@2x.png"; sourceTree = "<group>"; };
		7C57AA2418CF8EAE00DE6259 /* forgot_password_tit.png */ = {isa = PBXFileReference; lastKnownFileType = image.png; path = forgot_password_tit.png; sourceTree = "<group>"; };
		7C57AA2518CF8EAE00DE6259 /* forgot_password_tit@2x.png */ = {isa = PBXFileReference; lastKnownFileType = image.png; path = "forgot_password_tit@2x.png"; sourceTree = "<group>"; };
		7C57AA2618CF8EAE00DE6259 /* garden_room_icon.png */ = {isa = PBXFileReference; lastKnownFileType = image.png; path = garden_room_icon.png; sourceTree = "<group>"; };
		7C57AA2718CF8EAE00DE6259 /* garden_room_icon@2x.png */ = {isa = PBXFileReference; lastKnownFileType = image.png; path = "garden_room_icon@2x.png"; sourceTree = "<group>"; };
		7C57AA2818CF8EAE00DE6259 /* good_circvle_btn.png */ = {isa = PBXFileReference; lastKnownFileType = image.png; path = good_circvle_btn.png; sourceTree = "<group>"; };
		7C57AA2918CF8EAE00DE6259 /* good_circvle_btn@2x.png */ = {isa = PBXFileReference; lastKnownFileType = image.png; path = "good_circvle_btn@2x.png"; sourceTree = "<group>"; };
		7C57AA2A18CF8EAE00DE6259 /* good_circvle_green_btn.png */ = {isa = PBXFileReference; lastKnownFileType = image.png; path = good_circvle_green_btn.png; sourceTree = "<group>"; };
		7C57AA2B18CF8EAE00DE6259 /* good_circvle_green_btn@2x.png */ = {isa = PBXFileReference; lastKnownFileType = image.png; path = "good_circvle_green_btn@2x.png"; sourceTree = "<group>"; };
		7C57AA2C18CF8EAE00DE6259 /* green_dot_option.png */ = {isa = PBXFileReference; lastKnownFileType = image.png; path = green_dot_option.png; sourceTree = "<group>"; };
		7C57AA2D18CF8EAE00DE6259 /* green_dot_option@2x.png */ = {isa = PBXFileReference; lastKnownFileType = image.png; path = "green_dot_option@2x.png"; sourceTree = "<group>"; };
		7C57AA3418CF8EAE00DE6259 /* header_logo.png */ = {isa = PBXFileReference; lastKnownFileType = image.png; path = header_logo.png; sourceTree = "<group>"; };
		7C57AA3518CF8EAE00DE6259 /* header_logo@2x.png */ = {isa = PBXFileReference; lastKnownFileType = image.png; path = "header_logo@2x.png"; sourceTree = "<group>"; };
		7C57AA3618CF8EAE00DE6259 /* header_white_arrow.png */ = {isa = PBXFileReference; lastKnownFileType = image.png; path = header_white_arrow.png; sourceTree = "<group>"; };
		7C57AA3718CF8EAE00DE6259 /* header_white_arrow@2x.png */ = {isa = PBXFileReference; lastKnownFileType = image.png; path = "header_white_arrow@2x.png"; sourceTree = "<group>"; };
		7C57AA3818CF8EAE00DE6259 /* list_side_arrow.png */ = {isa = PBXFileReference; lastKnownFileType = image.png; path = list_side_arrow.png; sourceTree = "<group>"; };
		7C57AA3918CF8EAE00DE6259 /* list_side_arrow@2x.png */ = {isa = PBXFileReference; lastKnownFileType = image.png; path = "list_side_arrow@2x.png"; sourceTree = "<group>"; };
		7C57AA3A18CF8EAE00DE6259 /* living_room_icon.png */ = {isa = PBXFileReference; lastKnownFileType = image.png; path = living_room_icon.png; sourceTree = "<group>"; };
		7C57AA3B18CF8EAE00DE6259 /* living_room_icon@2x.png */ = {isa = PBXFileReference; lastKnownFileType = image.png; path = "living_room_icon@2x.png"; sourceTree = "<group>"; };
		7C57AA3C18CF8EAE00DE6259 /* Lobby_icon.png */ = {isa = PBXFileReference; lastKnownFileType = image.png; path = Lobby_icon.png; sourceTree = "<group>"; };
		7C57AA3D18CF8EAE00DE6259 /* Lobby_icon@2x.png */ = {isa = PBXFileReference; lastKnownFileType = image.png; path = "Lobby_icon@2x.png"; sourceTree = "<group>"; };
		7C57AA3E18CF8EAE00DE6259 /* note_write_field.png */ = {isa = PBXFileReference; lastKnownFileType = image.png; path = note_write_field.png; sourceTree = "<group>"; };
		7C57AA3F18CF8EAE00DE6259 /* note_write_field@2x.png */ = {isa = PBXFileReference; lastKnownFileType = image.png; path = "note_write_field@2x.png"; sourceTree = "<group>"; };
		7C57AA4018CF8EAE00DE6259 /* notice_circle_btn.png */ = {isa = PBXFileReference; lastKnownFileType = image.png; path = notice_circle_btn.png; sourceTree = "<group>"; };
		7C57AA4118CF8EAE00DE6259 /* notice_circle_btn@2x.png */ = {isa = PBXFileReference; lastKnownFileType = image.png; path = "notice_circle_btn@2x.png"; sourceTree = "<group>"; };
		7C57AA4218CF8EAE00DE6259 /* notice_circle_green_btn.png */ = {isa = PBXFileReference; lastKnownFileType = image.png; path = notice_circle_green_btn.png; sourceTree = "<group>"; };
		7C57AA4318CF8EAE00DE6259 /* notice_circle_green_btn@2x.png */ = {isa = PBXFileReference; lastKnownFileType = image.png; path = "notice_circle_green_btn@2x.png"; sourceTree = "<group>"; };
		7C57AA4418CF8EAE00DE6259 /* ok_circle_btn.png */ = {isa = PBXFileReference; lastKnownFileType = image.png; path = ok_circle_btn.png; sourceTree = "<group>"; };
		7C57AA4518CF8EAE00DE6259 /* ok_circle_btn@2x.png */ = {isa = PBXFileReference; lastKnownFileType = image.png; path = "ok_circle_btn@2x.png"; sourceTree = "<group>"; };
		7C57AA4618CF8EAE00DE6259 /* ok_circle_green_btn.png */ = {isa = PBXFileReference; lastKnownFileType = image.png; path = ok_circle_green_btn.png; sourceTree = "<group>"; };
		7C57AA4718CF8EAE00DE6259 /* ok_circle_green_btn@2x.png */ = {isa = PBXFileReference; lastKnownFileType = image.png; path = "ok_circle_green_btn@2x.png"; sourceTree = "<group>"; };
		7C57AA4818CF8EAE00DE6259 /* orange_bar_addnew_section.png */ = {isa = PBXFileReference; lastKnownFileType = image.png; path = orange_bar_addnew_section.png; sourceTree = "<group>"; };
		7C57AA4918CF8EAE00DE6259 /* orange_bar_addnew_section@2x.png */ = {isa = PBXFileReference; lastKnownFileType = image.png; path = "orange_bar_addnew_section@2x.png"; sourceTree = "<group>"; };
		7C57AA4A18CF8EAE00DE6259 /* orange_bar_save.png */ = {isa = PBXFileReference; lastKnownFileType = image.png; path = orange_bar_save.png; sourceTree = "<group>"; };
		7C57AA4B18CF8EAE00DE6259 /* orange_bar_save@2x.png */ = {isa = PBXFileReference; lastKnownFileType = image.png; path = "orange_bar_save@2x.png"; sourceTree = "<group>"; };
		7C57AA4C18CF8EAE00DE6259 /* orange_bar_send_report_btn.png */ = {isa = PBXFileReference; lastKnownFileType = image.png; path = orange_bar_send_report_btn.png; sourceTree = "<group>"; };
		7C57AA4D18CF8EAE00DE6259 /* orange_bar_send_report_btn@2x.png */ = {isa = PBXFileReference; lastKnownFileType = image.png; path = "orange_bar_send_report_btn@2x.png"; sourceTree = "<group>"; };
		7C57AA4E18CF8EAE00DE6259 /* photo_camera_btn.png */ = {isa = PBXFileReference; lastKnownFileType = image.png; path = photo_camera_btn.png; sourceTree = "<group>"; };
		7C57AA4F18CF8EAE00DE6259 /* photo_camera_btn@2x.png */ = {isa = PBXFileReference; lastKnownFileType = image.png; path = "photo_camera_btn@2x.png"; sourceTree = "<group>"; };
		7C57AA5018CF8EAE00DE6259 /* plus.png */ = {isa = PBXFileReference; lastKnownFileType = image.png; path = plus.png; sourceTree = "<group>"; };
		7C57AA5118CF8EAE00DE6259 /* plus@2x.png */ = {isa = PBXFileReference; lastKnownFileType = image.png; path = "plus@2x.png"; sourceTree = "<group>"; };
		7C57AA5218CF8EAE00DE6259 /* register_new_account_btn.png */ = {isa = PBXFileReference; lastKnownFileType = image.png; path = register_new_account_btn.png; sourceTree = "<group>"; };
		7C57AA5318CF8EAE00DE6259 /* register_new_account_btn@2x.png */ = {isa = PBXFileReference; lastKnownFileType = image.png; path = "register_new_account_btn@2x.png"; sourceTree = "<group>"; };
		7C57AA5418CF8EAE00DE6259 /* Search.png */ = {isa = PBXFileReference; lastKnownFileType = image.png; path = Search.png; sourceTree = "<group>"; };
		7C57AA5518CF8EAE00DE6259 /* Search@2x.png */ = {isa = PBXFileReference; lastKnownFileType = image.png; path = "Search@2x.png"; sourceTree = "<group>"; };
		7C57AA5618CF8EAE00DE6259 /* select_property.png */ = {isa = PBXFileReference; lastKnownFileType = image.png; path = select_property.png; sourceTree = "<group>"; };
		7C57AA5718CF8EAE00DE6259 /* select_property@2x.png */ = {isa = PBXFileReference; lastKnownFileType = image.png; path = "select_property@2x.png"; sourceTree = "<group>"; };
		7C57AA5818CF8EAE00DE6259 /* sign_in_btn.png */ = {isa = PBXFileReference; lastKnownFileType = image.png; path = sign_in_btn.png; sourceTree = "<group>"; };
		7C57AA5918CF8EAE00DE6259 /* sign_in_btn@2x.png */ = {isa = PBXFileReference; lastKnownFileType = image.png; path = "sign_in_btn@2x.png"; sourceTree = "<group>"; };
		7C57AA6018CF8EAE00DE6259 /* text_field.png */ = {isa = PBXFileReference; lastKnownFileType = image.png; path = text_field.png; sourceTree = "<group>"; };
		7C57AA6118CF8EAE00DE6259 /* text_field@2x.png */ = {isa = PBXFileReference; lastKnownFileType = image.png; path = "text_field@2x.png"; sourceTree = "<group>"; };
		7C57AA6218CF8EAE00DE6259 /* text_green_field.png */ = {isa = PBXFileReference; lastKnownFileType = image.png; path = text_green_field.png; sourceTree = "<group>"; };
		7C57AA6318CF8EAE00DE6259 /* text_green_field@2x.png */ = {isa = PBXFileReference; lastKnownFileType = image.png; path = "text_green_field@2x.png"; sourceTree = "<group>"; };
		7C57AA6418CF8EAE00DE6259 /* white_dot_option.png */ = {isa = PBXFileReference; lastKnownFileType = image.png; path = white_dot_option.png; sourceTree = "<group>"; };
		7C57AA6518CF8EAE00DE6259 /* white_dot_option@2x.png */ = {isa = PBXFileReference; lastKnownFileType = image.png; path = "white_dot_option@2x.png"; sourceTree = "<group>"; };
		7C57AA6618CF8EAE00DE6259 /* you_have_account.png */ = {isa = PBXFileReference; lastKnownFileType = image.png; path = you_have_account.png; sourceTree = "<group>"; };
		7C57AA6718CF8EAE00DE6259 /* you_have_account@2x.png */ = {isa = PBXFileReference; lastKnownFileType = image.png; path = "you_have_account@2x.png"; sourceTree = "<group>"; };
		7CBC22FB18D0A7350035D3E4 /* add_new_inspections_arrow.png */ = {isa = PBXFileReference; lastKnownFileType = image.png; path = add_new_inspections_arrow.png; sourceTree = "<group>"; };
		7CBC22FC18D0A7350035D3E4 /* add_new_inspections_arrow@2x.png */ = {isa = PBXFileReference; lastKnownFileType = image.png; path = "add_new_inspections_arrow@2x.png"; sourceTree = "<group>"; };
		7CBC22FD18D0A7350035D3E4 /* homebkg.png */ = {isa = PBXFileReference; lastKnownFileType = image.png; path = homebkg.png; sourceTree = "<group>"; };
		7CBC22FE18D0A7350035D3E4 /* homebkg@2x.png */ = {isa = PBXFileReference; lastKnownFileType = image.png; path = "homebkg@2x.png"; sourceTree = "<group>"; };
		7CBC22FF18D0A7350035D3E4 /* tabe_inspection.png */ = {isa = PBXFileReference; lastKnownFileType = image.png; path = tabe_inspection.png; sourceTree = "<group>"; };
		7CBC230018D0A7350035D3E4 /* tabe_inspection@2x.png */ = {isa = PBXFileReference; lastKnownFileType = image.png; path = "tabe_inspection@2x.png"; sourceTree = "<group>"; };
		7CBC230118D0A7350035D3E4 /* tabe_notes.png */ = {isa = PBXFileReference; lastKnownFileType = image.png; path = tabe_notes.png; sourceTree = "<group>"; };
		7CBC230218D0A7350035D3E4 /* tabe_notes@2x.png */ = {isa = PBXFileReference; lastKnownFileType = image.png; path = "tabe_notes@2x.png"; sourceTree = "<group>"; };
		7CBC230318D0A7350035D3E4 /* tabe_propority.png */ = {isa = PBXFileReference; lastKnownFileType = image.png; path = tabe_propority.png; sourceTree = "<group>"; };
		7CBC230418D0A7350035D3E4 /* tabe_propority@2x.png */ = {isa = PBXFileReference; lastKnownFileType = image.png; path = "tabe_propority@2x.png"; sourceTree = "<group>"; };
		8496101A18A10C1100A94088 /* BrowseInspectionVC.h */ = {isa = PBXFileReference; fileEncoding = 4; lastKnownFileType = sourcecode.c.h; path = BrowseInspectionVC.h; sourceTree = "<group>"; };
		8496101B18A10C1100A94088 /* BrowseInspectionVC.m */ = {isa = PBXFileReference; fileEncoding = 4; lastKnownFileType = sourcecode.c.objc; path = BrowseInspectionVC.m; sourceTree = "<group>"; };
		84B904ED18A1FA5A003771E1 /* XCDFormInputAccessoryView.h */ = {isa = PBXFileReference; fileEncoding = 4; lastKnownFileType = sourcecode.c.h; path = XCDFormInputAccessoryView.h; sourceTree = "<group>"; };
		84B904EE18A1FA5A003771E1 /* XCDFormInputAccessoryView.m */ = {isa = PBXFileReference; fileEncoding = 4; lastKnownFileType = sourcecode.c.objc; path = XCDFormInputAccessoryView.m; sourceTree = "<group>"; };
		84B904F118A1FAC0003771E1 /* Accessory_left.png */ = {isa = PBXFileReference; lastKnownFileType = image.png; path = Accessory_left.png; sourceTree = "<group>"; };
		84B904F218A1FAC0003771E1 /* Accessory_left@2x.png */ = {isa = PBXFileReference; lastKnownFileType = image.png; path = "Accessory_left@2x.png"; sourceTree = "<group>"; };
		84B904F318A1FAC0003771E1 /* Accessory_right.png */ = {isa = PBXFileReference; lastKnownFileType = image.png; path = Accessory_right.png; sourceTree = "<group>"; };
		84B904F418A1FAC0003771E1 /* Accessory_right@2x.png */ = {isa = PBXFileReference; lastKnownFileType = image.png; path = "Accessory_right@2x.png"; sourceTree = "<group>"; };
		84B904F918A228E3003771E1 /* Default.png */ = {isa = PBXFileReference; lastKnownFileType = image.png; path = Default.png; sourceTree = "<group>"; };
		84B904FB18A22B8A003771E1 /* Default-690.png */ = {isa = PBXFileReference; lastKnownFileType = image.png; path = "Default-690.png"; sourceTree = "<group>"; };
		84B904FF18A22F57003771E1 /* 1024.png */ = {isa = PBXFileReference; lastKnownFileType = image.png; path = 1024.png; sourceTree = "<group>"; };
		84B9050018A22F57003771E1 /* 120.png */ = {isa = PBXFileReference; lastKnownFileType = image.png; path = 120.png; sourceTree = "<group>"; };
		84B9050118A22F57003771E1 /* 152.png */ = {isa = PBXFileReference; lastKnownFileType = image.png; path = 152.png; sourceTree = "<group>"; };
		84B9050218A22F57003771E1 /* 29.png */ = {isa = PBXFileReference; lastKnownFileType = image.png; path = 29.png; sourceTree = "<group>"; };
		84B9050318A22F57003771E1 /* 40.png */ = {isa = PBXFileReference; lastKnownFileType = image.png; path = 40.png; sourceTree = "<group>"; };
		84B9050418A22F57003771E1 /* 512.png */ = {isa = PBXFileReference; lastKnownFileType = image.png; path = 512.png; sourceTree = "<group>"; };
		84B9050518A22F57003771E1 /* 58.png */ = {isa = PBXFileReference; lastKnownFileType = image.png; path = 58.png; sourceTree = "<group>"; };
		84B9050618A22F57003771E1 /* 60.png */ = {isa = PBXFileReference; lastKnownFileType = image.png; path = 60.png; sourceTree = "<group>"; };
		84B9050718A22F57003771E1 /* 76.png */ = {isa = PBXFileReference; lastKnownFileType = image.png; path = 76.png; sourceTree = "<group>"; };
		84B9050818A22F57003771E1 /* 80.png */ = {isa = PBXFileReference; lastKnownFileType = image.png; path = 80.png; sourceTree = "<group>"; };
		84B9051618A26356003771E1 /* takePhotobkg.png */ = {isa = PBXFileReference; lastKnownFileType = image.png; path = takePhotobkg.png; sourceTree = "<group>"; };
		84B9051718A26356003771E1 /* takePhotobkg@2x.png */ = {isa = PBXFileReference; lastKnownFileType = image.png; path = "takePhotobkg@2x.png"; sourceTree = "<group>"; };
		84B9051A18A26AFF003771E1 /* CallUsViewController.h */ = {isa = PBXFileReference; fileEncoding = 4; lastKnownFileType = sourcecode.c.h; path = CallUsViewController.h; sourceTree = "<group>"; };
		84B9051B18A26AFF003771E1 /* CallUsViewController.m */ = {isa = PBXFileReference; fileEncoding = 4; lastKnownFileType = sourcecode.c.objc; path = CallUsViewController.m; sourceTree = "<group>"; };
		84B9051D18A26BF9003771E1 /* MessageUI.framework */ = {isa = PBXFileReference; lastKnownFileType = wrapper.framework; name = MessageUI.framework; path = System/Library/Frameworks/MessageUI.framework; sourceTree = SDKROOT; };
		84BFB50C189E12FD0069A87A /* AqarNote.app */ = {isa = PBXFileReference; explicitFileType = wrapper.application; includeInIndex = 0; path = AqarNote.app; sourceTree = BUILT_PRODUCTS_DIR; };
		84BFB50F189E12FD0069A87A /* Foundation.framework */ = {isa = PBXFileReference; lastKnownFileType = wrapper.framework; name = Foundation.framework; path = System/Library/Frameworks/Foundation.framework; sourceTree = SDKROOT; };
		84BFB511189E12FD0069A87A /* CoreGraphics.framework */ = {isa = PBXFileReference; lastKnownFileType = wrapper.framework; name = CoreGraphics.framework; path = System/Library/Frameworks/CoreGraphics.framework; sourceTree = SDKROOT; };
		84BFB513189E12FD0069A87A /* UIKit.framework */ = {isa = PBXFileReference; lastKnownFileType = wrapper.framework; name = UIKit.framework; path = System/Library/Frameworks/UIKit.framework; sourceTree = SDKROOT; };
		84BFB517189E12FD0069A87A /* AqarNote-Info.plist */ = {isa = PBXFileReference; lastKnownFileType = text.plist.xml; path = "AqarNote-Info.plist"; sourceTree = "<group>"; };
		84BFB519189E12FD0069A87A /* en */ = {isa = PBXFileReference; lastKnownFileType = text.plist.strings; name = en; path = en.lproj/InfoPlist.strings; sourceTree = "<group>"; };
		84BFB51B189E12FD0069A87A /* main.m */ = {isa = PBXFileReference; lastKnownFileType = sourcecode.c.objc; path = main.m; sourceTree = "<group>"; };
		84BFB51D189E12FD0069A87A /* AqarNote-Prefix.pch */ = {isa = PBXFileReference; lastKnownFileType = sourcecode.c.h; path = "AqarNote-Prefix.pch"; sourceTree = "<group>"; };
		84BFB51E189E12FD0069A87A /* AppDelegate.h */ = {isa = PBXFileReference; lastKnownFileType = sourcecode.c.h; path = AppDelegate.h; sourceTree = "<group>"; };
		84BFB51F189E12FD0069A87A /* AppDelegate.m */ = {isa = PBXFileReference; lastKnownFileType = sourcecode.c.objc; path = AppDelegate.m; sourceTree = "<group>"; };
		84BFB522189E12FD0069A87A /* Base */ = {isa = PBXFileReference; lastKnownFileType = file.storyboard; name = Base; path = Base.lproj/Main.storyboard; sourceTree = "<group>"; };
		84BFB524189E12FD0069A87A /* HomePageVC.h */ = {isa = PBXFileReference; lastKnownFileType = sourcecode.c.h; name = HomePageVC.h; path = ../HomePageVC.h; sourceTree = "<group>"; };
		84BFB525189E12FD0069A87A /* HomePageVC.m */ = {isa = PBXFileReference; lastKnownFileType = sourcecode.c.objc; name = HomePageVC.m; path = ../HomePageVC.m; sourceTree = "<group>"; };
		84BFB527189E12FD0069A87A /* Images.xcassets */ = {isa = PBXFileReference; lastKnownFileType = folder.assetcatalog; path = Images.xcassets; sourceTree = "<group>"; };
		84BFB52D189E12FD0069A87A /* AqarNoteTests.xctest */ = {isa = PBXFileReference; explicitFileType = wrapper.cfbundle; includeInIndex = 0; path = AqarNoteTests.xctest; sourceTree = BUILT_PRODUCTS_DIR; };
		84BFB52E189E12FD0069A87A /* XCTest.framework */ = {isa = PBXFileReference; lastKnownFileType = wrapper.framework; name = XCTest.framework; path = Library/Frameworks/XCTest.framework; sourceTree = DEVELOPER_DIR; };
		84BFB536189E12FD0069A87A /* AqarNoteTests-Info.plist */ = {isa = PBXFileReference; lastKnownFileType = text.plist.xml; path = "AqarNoteTests-Info.plist"; sourceTree = "<group>"; };
		84BFB538189E12FD0069A87A /* en */ = {isa = PBXFileReference; lastKnownFileType = text.plist.strings; name = en; path = en.lproj/InfoPlist.strings; sourceTree = "<group>"; };
		84BFB53A189E12FD0069A87A /* AqarNoteTests.m */ = {isa = PBXFileReference; lastKnownFileType = sourcecode.c.objc; path = AqarNoteTests.m; sourceTree = "<group>"; };
		84BFB546189E18230069A87A /* AudioToolbox.framework */ = {isa = PBXFileReference; lastKnownFileType = wrapper.framework; name = AudioToolbox.framework; path = System/Library/Frameworks/AudioToolbox.framework; sourceTree = SDKROOT; };
		84BFB548189E18290069A87A /* CFNetwork.framework */ = {isa = PBXFileReference; lastKnownFileType = wrapper.framework; name = CFNetwork.framework; path = System/Library/Frameworks/CFNetwork.framework; sourceTree = SDKROOT; };
		84BFB54A189E18310069A87A /* CoreLocation.framework */ = {isa = PBXFileReference; lastKnownFileType = wrapper.framework; name = CoreLocation.framework; path = System/Library/Frameworks/CoreLocation.framework; sourceTree = SDKROOT; };
		84BFB54C189E183D0069A87A /* libz.dylib */ = {isa = PBXFileReference; lastKnownFileType = "compiled.mach-o.dylib"; name = libz.dylib; path = usr/lib/libz.dylib; sourceTree = SDKROOT; };
		84BFB54E189E18470069A87A /* MobileCoreServices.framework */ = {isa = PBXFileReference; lastKnownFileType = wrapper.framework; name = MobileCoreServices.framework; path = System/Library/Frameworks/MobileCoreServices.framework; sourceTree = SDKROOT; };
		84BFB550189E184D0069A87A /* QuartzCore.framework */ = {isa = PBXFileReference; lastKnownFileType = wrapper.framework; name = QuartzCore.framework; path = System/Library/Frameworks/QuartzCore.framework; sourceTree = SDKROOT; };
		84BFB552189E18560069A87A /* Security.framework */ = {isa = PBXFileReference; lastKnownFileType = wrapper.framework; name = Security.framework; path = System/Library/Frameworks/Security.framework; sourceTree = SDKROOT; };
		84BFB554189E18640069A87A /* StoreKit.framework */ = {isa = PBXFileReference; lastKnownFileType = wrapper.framework; name = StoreKit.framework; path = System/Library/Frameworks/StoreKit.framework; sourceTree = SDKROOT; };
		84BFB556189E18700069A87A /* SystemConfiguration.framework */ = {isa = PBXFileReference; lastKnownFileType = wrapper.framework; name = SystemConfiguration.framework; path = System/Library/Frameworks/SystemConfiguration.framework; sourceTree = SDKROOT; };
		84BFB55D189E48830069A87A /* AddNewAqarVC.h */ = {isa = PBXFileReference; fileEncoding = 4; lastKnownFileType = sourcecode.c.h; path = AddNewAqarVC.h; sourceTree = "<group>"; };
		84BFB55E189E48830069A87A /* AddNewAqarVC.m */ = {isa = PBXFileReference; fileEncoding = 4; lastKnownFileType = sourcecode.c.objc; path = AddNewAqarVC.m; sourceTree = "<group>"; };
		84BFB560189E4B220069A87A /* FacebookSDK.framework */ = {isa = PBXFileReference; lastKnownFileType = wrapper.framework; name = FacebookSDK.framework; path = Libraries/FacebookSDK.framework; sourceTree = "<group>"; };
		84BFB568189E5F0F0069A87A /* MBProgressHUD.h */ = {isa = PBXFileReference; fileEncoding = 4; lastKnownFileType = sourcecode.c.h; path = MBProgressHUD.h; sourceTree = "<group>"; };
		84BFB569189E5F0F0069A87A /* MBProgressHUD.m */ = {isa = PBXFileReference; fileEncoding = 4; lastKnownFileType = sourcecode.c.objc; path = MBProgressHUD.m; sourceTree = "<group>"; };
		84BFB56E189E7CC00069A87A /* secIcon.png */ = {isa = PBXFileReference; lastKnownFileType = image.png; path = secIcon.png; sourceTree = "<group>"; };
		84CC6973189F607C0027C844 /* 37x-Checkmark.png */ = {isa = PBXFileReference; lastKnownFileType = image.png; path = "37x-Checkmark.png"; sourceTree = "<group>"; };
		84CC6977189F760C0027C844 /* PropertyCell.h */ = {isa = PBXFileReference; fileEncoding = 4; lastKnownFileType = sourcecode.c.h; path = PropertyCell.h; sourceTree = "<group>"; };
		84CC6978189F760C0027C844 /* PropertyCell.m */ = {isa = PBXFileReference; fileEncoding = 4; lastKnownFileType = sourcecode.c.objc; path = PropertyCell.m; sourceTree = "<group>"; };
		84CC697A189F761B0027C844 /* PropertyCell.xib */ = {isa = PBXFileReference; fileEncoding = 4; lastKnownFileType = file.xib; path = PropertyCell.xib; sourceTree = "<group>"; };
		84CC697C189F77510027C844 /* date_upcoming.png */ = {isa = PBXFileReference; lastKnownFileType = image.png; path = date_upcoming.png; sourceTree = "<group>"; };
		84CC697D189F77510027C844 /* icon_satellite.png */ = {isa = PBXFileReference; lastKnownFileType = image.png; path = icon_satellite.png; sourceTree = "<group>"; };
		84CC697E189F77510027C844 /* time_upcoming.png */ = {isa = PBXFileReference; lastKnownFileType = image.png; path = time_upcoming.png; sourceTree = "<group>"; };
		84CC6983189F79FE0027C844 /* SDWebImage.framework */ = {isa = PBXFileReference; lastKnownFileType = wrapper.framework; name = SDWebImage.framework; path = Libraries/SDWebImage.framework; sourceTree = "<group>"; };
		84CC6985189F7B010027C844 /* default image.png */ = {isa = PBXFileReference; lastKnownFileType = image.png; path = "default image.png"; sourceTree = "<group>"; };
		84CC6987189F95270027C844 /* NotesVC.h */ = {isa = PBXFileReference; fileEncoding = 4; lastKnownFileType = sourcecode.c.h; path = NotesVC.h; sourceTree = "<group>"; };
		84CC6988189F95270027C844 /* NotesVC.m */ = {isa = PBXFileReference; fileEncoding = 4; lastKnownFileType = sourcecode.c.objc; path = NotesVC.m; sourceTree = "<group>"; };
		84CC698A189F95420027C844 /* InspectionsVC.h */ = {isa = PBXFileReference; fileEncoding = 4; lastKnownFileType = sourcecode.c.h; name = InspectionsVC.h; path = "../Listing Controller/InspectionsVC.h"; sourceTree = "<group>"; };
		84CC698B189F95420027C844 /* InspectionsVC.m */ = {isa = PBXFileReference; fileEncoding = 4; lastKnownFileType = sourcecode.c.objc; name = InspectionsVC.m; path = "../Listing Controller/InspectionsVC.m"; sourceTree = "<group>"; };
		84CC698D189F95CA0027C844 /* InspectionCell.h */ = {isa = PBXFileReference; fileEncoding = 4; lastKnownFileType = sourcecode.c.h; name = InspectionCell.h; path = "../Listing Controller/Custom Cells/InspectionCell.h"; sourceTree = "<group>"; };
		84CC698E189F95CA0027C844 /* InspectionCell.m */ = {isa = PBXFileReference; fileEncoding = 4; lastKnownFileType = sourcecode.c.objc; name = InspectionCell.m; path = "../Listing Controller/Custom Cells/InspectionCell.m"; sourceTree = "<group>"; };
		84CC6990189F95E20027C844 /* InspectionCell.xib */ = {isa = PBXFileReference; fileEncoding = 4; lastKnownFileType = file.xib; name = InspectionCell.xib; path = "../Listing Controller/Custom Cells/InspectionCell.xib"; sourceTree = "<group>"; };
		84CC6992189F9AA30027C844 /* activeSelectDefuilt.png */ = {isa = PBXFileReference; lastKnownFileType = image.png; path = activeSelectDefuilt.png; sourceTree = "<group>"; };
		84CC6993189F9AA30027C844 /* UnActiveSelectDefuilt.png */ = {isa = PBXFileReference; lastKnownFileType = image.png; path = UnActiveSelectDefuilt.png; sourceTree = "<group>"; };
		84CC6996189FA3620027C844 /* ChoosePropertyVC.h */ = {isa = PBXFileReference; fileEncoding = 4; lastKnownFileType = sourcecode.c.h; path = ChoosePropertyVC.h; sourceTree = "<group>"; };
		84CC6997189FA3620027C844 /* ChoosePropertyVC.m */ = {isa = PBXFileReference; fileEncoding = 4; lastKnownFileType = sourcecode.c.objc; path = ChoosePropertyVC.m; sourceTree = "<group>"; };
		84CC6999189FC4030027C844 /* arrow_lift_side.png */ = {isa = PBXFileReference; lastKnownFileType = image.png; path = arrow_lift_side.png; sourceTree = "<group>"; };
		84CC699D189FC5740027C844 /* AddNewInspectionVC.h */ = {isa = PBXFileReference; fileEncoding = 4; lastKnownFileType = sourcecode.c.h; path = AddNewInspectionVC.h; sourceTree = "<group>"; };
		84CC699E189FC5740027C844 /* AddNewInspectionVC.m */ = {isa = PBXFileReference; fileEncoding = 4; lastKnownFileType = sourcecode.c.objc; path = AddNewInspectionVC.m; sourceTree = "<group>"; };
/* End PBXFileReference section */

/* Begin PBXFrameworksBuildPhase section */
		84BFB509189E12FD0069A87A /* Frameworks */ = {
			isa = PBXFrameworksBuildPhase;
			buildActionMask = 2147483647;
			files = (
				84B9051E18A26BF9003771E1 /* MessageUI.framework in Frameworks */,
				84BFB557189E18700069A87A /* SystemConfiguration.framework in Frameworks */,
				84BFB555189E18640069A87A /* StoreKit.framework in Frameworks */,
				84BFB553189E18560069A87A /* Security.framework in Frameworks */,
				84BFB551189E184D0069A87A /* QuartzCore.framework in Frameworks */,
				84BFB54F189E18470069A87A /* MobileCoreServices.framework in Frameworks */,
				7C57A9FB18CF8CBE00DE6259 /* Parse.framework in Frameworks */,
				84BFB54D189E183D0069A87A /* libz.dylib in Frameworks */,
				84BFB54B189E18310069A87A /* CoreLocation.framework in Frameworks */,
				84BFB549189E18290069A87A /* CFNetwork.framework in Frameworks */,
				84BFB547189E18230069A87A /* AudioToolbox.framework in Frameworks */,
				84BFB512189E12FD0069A87A /* CoreGraphics.framework in Frameworks */,
				84CC6984189F79FE0027C844 /* SDWebImage.framework in Frameworks */,
				84BFB514189E12FD0069A87A /* UIKit.framework in Frameworks */,
				84BFB510189E12FD0069A87A /* Foundation.framework in Frameworks */,
				84BFB561189E4B220069A87A /* FacebookSDK.framework in Frameworks */,
			);
			runOnlyForDeploymentPostprocessing = 0;
		};
		84BFB52A189E12FD0069A87A /* Frameworks */ = {
			isa = PBXFrameworksBuildPhase;
			buildActionMask = 2147483647;
			files = (
				84BFB52F189E12FD0069A87A /* XCTest.framework in Frameworks */,
				84BFB531189E12FD0069A87A /* UIKit.framework in Frameworks */,
				84BFB530189E12FD0069A87A /* Foundation.framework in Frameworks */,
			);
			runOnlyForDeploymentPostprocessing = 0;
		};
/* End PBXFrameworksBuildPhase section */

/* Begin PBXGroup section */
		7C57A9FC18CF8E2000DE6259 /* User Controller */ = {
			isa = PBXGroup;
			children = (
				7C57A9FD18CF8E2000DE6259 /* Entities */,
				7C57A9FE18CF8E2000DE6259 /* View */,
			);
			path = "User Controller";
			sourceTree = "<group>";
		};
		7C57A9FD18CF8E2000DE6259 /* Entities */ = {
			isa = PBXGroup;
			children = (
			);
			path = Entities;
			sourceTree = "<group>";
		};
		7C57A9FE18CF8E2000DE6259 /* View */ = {
			isa = PBXGroup;
			children = (
				7C57A9FF18CF8E2000DE6259 /* LoginVC.h */,
				7C57AA0018CF8E2000DE6259 /* LoginVC.m */,
				7C57AA0118CF8E2000DE6259 /* SignUpVC.h */,
				7C57AA0218CF8E2000DE6259 /* SignUpVC.m */,
			);
			path = View;
			sourceTree = "<group>";
		};
		7C57AA0518CF8EAE00DE6259 /* AqarNote_iPhone_assets */ = {
			isa = PBXGroup;
			children = (
				7CBC22FB18D0A7350035D3E4 /* add_new_inspections_arrow.png */,
				7CBC22FC18D0A7350035D3E4 /* add_new_inspections_arrow@2x.png */,
				7CBC22FD18D0A7350035D3E4 /* homebkg.png */,
				7CBC22FE18D0A7350035D3E4 /* homebkg@2x.png */,
				7CBC22FF18D0A7350035D3E4 /* tabe_inspection.png */,
				7CBC230018D0A7350035D3E4 /* tabe_inspection@2x.png */,
				7CBC230118D0A7350035D3E4 /* tabe_notes.png */,
				7CBC230218D0A7350035D3E4 /* tabe_notes@2x.png */,
				7CBC230318D0A7350035D3E4 /* tabe_propority.png */,
				7CBC230418D0A7350035D3E4 /* tabe_propority@2x.png */,
				7C57AA0618CF8EAE00DE6259 /* add_new_property_arrow.png */,
				7C57AA0718CF8EAE00DE6259 /* add_new_property_arrow@2x.png */,
				7C57AA0818CF8EAE00DE6259 /* add_new_propority_arrow.png */,
				7C57AA0918CF8EAE00DE6259 /* add_new_propority_arrow@2x.png */,
				7C57AA0A18CF8EAE00DE6259 /* badroom_icon.png */,
				7C57AA0B18CF8EAE00DE6259 /* badroom_icon@2x.png */,
				7C57AA0C18CF8EAE00DE6259 /* bathroom_icon.png */,
				7C57AA0D18CF8EAE00DE6259 /* bathroom_icon@2x.png */,
				7C57AA0E18CF8EAE00DE6259 /* big_logo_white.png */,
				7C57AA0F18CF8EAE00DE6259 /* big_logo_white@2x.png */,
				7C57AA1018CF8EAE00DE6259 /* blue_pin.png */,
				7C57AA1118CF8EAE00DE6259 /* blue_pin@2x.png */,
				7C57AA1218CF8EAE00DE6259 /* broken_circle_btn.png */,
				7C57AA1318CF8EAE00DE6259 /* broken_circle_btn@2x.png */,
				7C57AA1418CF8EAE00DE6259 /* broken_circle_green_btn.png */,
				7C57AA1518CF8EAE00DE6259 /* broken_circle_green_btn@2x.png */,
				7C57AA1618CF8EAE00DE6259 /* clean_circle_btn.png */,
				7C57AA1718CF8EAE00DE6259 /* clean_circle_btn@2x.png */,
				7C57AA1818CF8EAE00DE6259 /* clean_circle_green_btn.png */,
				7C57AA1918CF8EAE00DE6259 /* clean_circle_green_btn@2x.png */,
				7C57AA1A18CF8EAE00DE6259 /* clean_room_icon.png */,
				7C57AA1B18CF8EAE00DE6259 /* clean_room_icon@2x.png */,
				7C57AA1C18CF8EAE00DE6259 /* cooknig_icon.png */,
				7C57AA1D18CF8EAE00DE6259 /* cooknig_icon@2x.png */,
				7C57AA1E18CF8EAE00DE6259 /* dining_room_icon.png */,
				7C57AA1F18CF8EAE00DE6259 /* dining_room_icon@2x.png */,
				7C57AA2018CF8EAE00DE6259 /* dirty_circle_btn.png */,
				7C57AA2118CF8EAE00DE6259 /* dirty_circle_btn@2x.png */,
				7C57AA2218CF8EAE00DE6259 /* dirty_circle_green_btn.png */,
				7C57AA2318CF8EAE00DE6259 /* dirty_circle_green_btn@2x.png */,
				7C57AA2418CF8EAE00DE6259 /* forgot_password_tit.png */,
				7C57AA2518CF8EAE00DE6259 /* forgot_password_tit@2x.png */,
				7C57AA2618CF8EAE00DE6259 /* garden_room_icon.png */,
				7C57AA2718CF8EAE00DE6259 /* garden_room_icon@2x.png */,
				7C57AA2818CF8EAE00DE6259 /* good_circvle_btn.png */,
				7C57AA2918CF8EAE00DE6259 /* good_circvle_btn@2x.png */,
				7C57AA2A18CF8EAE00DE6259 /* good_circvle_green_btn.png */,
				7C57AA2B18CF8EAE00DE6259 /* good_circvle_green_btn@2x.png */,
				7C57AA2C18CF8EAE00DE6259 /* green_dot_option.png */,
				7C57AA2D18CF8EAE00DE6259 /* green_dot_option@2x.png */,
				7C57AA3418CF8EAE00DE6259 /* header_logo.png */,
				7C57AA3518CF8EAE00DE6259 /* header_logo@2x.png */,
				7C57AA3618CF8EAE00DE6259 /* header_white_arrow.png */,
				7C57AA3718CF8EAE00DE6259 /* header_white_arrow@2x.png */,
				7C57AA3818CF8EAE00DE6259 /* list_side_arrow.png */,
				7C57AA3918CF8EAE00DE6259 /* list_side_arrow@2x.png */,
				7C57AA3A18CF8EAE00DE6259 /* living_room_icon.png */,
				7C57AA3B18CF8EAE00DE6259 /* living_room_icon@2x.png */,
				7C57AA3C18CF8EAE00DE6259 /* Lobby_icon.png */,
				7C57AA3D18CF8EAE00DE6259 /* Lobby_icon@2x.png */,
				7C57AA3E18CF8EAE00DE6259 /* note_write_field.png */,
				7C57AA3F18CF8EAE00DE6259 /* note_write_field@2x.png */,
				7C57AA4018CF8EAE00DE6259 /* notice_circle_btn.png */,
				7C57AA4118CF8EAE00DE6259 /* notice_circle_btn@2x.png */,
				7C57AA4218CF8EAE00DE6259 /* notice_circle_green_btn.png */,
				7C57AA4318CF8EAE00DE6259 /* notice_circle_green_btn@2x.png */,
				7C57AA4418CF8EAE00DE6259 /* ok_circle_btn.png */,
				7C57AA4518CF8EAE00DE6259 /* ok_circle_btn@2x.png */,
				7C57AA4618CF8EAE00DE6259 /* ok_circle_green_btn.png */,
				7C57AA4718CF8EAE00DE6259 /* ok_circle_green_btn@2x.png */,
				7C57AA4818CF8EAE00DE6259 /* orange_bar_addnew_section.png */,
				7C57AA4918CF8EAE00DE6259 /* orange_bar_addnew_section@2x.png */,
				7C57AA4A18CF8EAE00DE6259 /* orange_bar_save.png */,
				7C57AA4B18CF8EAE00DE6259 /* orange_bar_save@2x.png */,
				7C57AA4C18CF8EAE00DE6259 /* orange_bar_send_report_btn.png */,
				7C57AA4D18CF8EAE00DE6259 /* orange_bar_send_report_btn@2x.png */,
				7C57AA4E18CF8EAE00DE6259 /* photo_camera_btn.png */,
				7C57AA4F18CF8EAE00DE6259 /* photo_camera_btn@2x.png */,
				7C57AA5018CF8EAE00DE6259 /* plus.png */,
				7C57AA5118CF8EAE00DE6259 /* plus@2x.png */,
				7C57AA5218CF8EAE00DE6259 /* register_new_account_btn.png */,
				7C57AA5318CF8EAE00DE6259 /* register_new_account_btn@2x.png */,
				7C57AA5418CF8EAE00DE6259 /* Search.png */,
				7C57AA5518CF8EAE00DE6259 /* Search@2x.png */,
				7C57AA5618CF8EAE00DE6259 /* select_property.png */,
				7C57AA5718CF8EAE00DE6259 /* select_property@2x.png */,
				7C57AA5818CF8EAE00DE6259 /* sign_in_btn.png */,
				7C57AA5918CF8EAE00DE6259 /* sign_in_btn@2x.png */,
				7C57AA6018CF8EAE00DE6259 /* text_field.png */,
				7C57AA6118CF8EAE00DE6259 /* text_field@2x.png */,
				7C57AA6218CF8EAE00DE6259 /* text_green_field.png */,
				7C57AA6318CF8EAE00DE6259 /* text_green_field@2x.png */,
				7C57AA6418CF8EAE00DE6259 /* white_dot_option.png */,
				7C57AA6518CF8EAE00DE6259 /* white_dot_option@2x.png */,
				7C57AA6618CF8EAE00DE6259 /* you_have_account.png */,
				7C57AA6718CF8EAE00DE6259 /* you_have_account@2x.png */,
			);
			path = AqarNote_iPhone_assets;
			sourceTree = "<group>";
		};
		84B904F018A1FAC0003771E1 /* XCDFormInputAccessory Recources */ = {
			isa = PBXGroup;
			children = (
				84B904F118A1FAC0003771E1 /* Accessory_left.png */,
				84B904F218A1FAC0003771E1 /* Accessory_left@2x.png */,
				84B904F318A1FAC0003771E1 /* Accessory_right.png */,
				84B904F418A1FAC0003771E1 /* Accessory_right@2x.png */,
			);
			path = "XCDFormInputAccessory Recources";
			sourceTree = "<group>";
		};
		84B904FE18A22F57003771E1 /* app icons */ = {
			isa = PBXGroup;
			children = (
				84B904FF18A22F57003771E1 /* 1024.png */,
				84B9050018A22F57003771E1 /* 120.png */,
				84B9050118A22F57003771E1 /* 152.png */,
				84B9050218A22F57003771E1 /* 29.png */,
				84B9050318A22F57003771E1 /* 40.png */,
				84B9050418A22F57003771E1 /* 512.png */,
				84B9050518A22F57003771E1 /* 58.png */,
				84B9050618A22F57003771E1 /* 60.png */,
				84B9050718A22F57003771E1 /* 76.png */,
				84B9050818A22F57003771E1 /* 80.png */,
			);
			path = "app icons";
			sourceTree = "<group>";
		};
		84BFB503189E12FD0069A87A = {
			isa = PBXGroup;
			children = (
				84BFB515189E12FD0069A87A /* AqarNote */,
				84BFB534189E12FD0069A87A /* AqarNoteTests */,
				84BFB50E189E12FD0069A87A /* Frameworks */,
				84BFB50D189E12FD0069A87A /* Products */,
			);
			sourceTree = "<group>";
		};
		84BFB50D189E12FD0069A87A /* Products */ = {
			isa = PBXGroup;
			children = (
				84BFB50C189E12FD0069A87A /* AqarNote.app */,
				84BFB52D189E12FD0069A87A /* AqarNoteTests.xctest */,
			);
			name = Products;
			sourceTree = "<group>";
		};
		84BFB50E189E12FD0069A87A /* Frameworks */ = {
			isa = PBXGroup;
			children = (
				7C57A9FA18CF8CBE00DE6259 /* Parse.framework */,
				84B9051D18A26BF9003771E1 /* MessageUI.framework */,
				84CC6983189F79FE0027C844 /* SDWebImage.framework */,
				84BFB560189E4B220069A87A /* FacebookSDK.framework */,
				84BFB556189E18700069A87A /* SystemConfiguration.framework */,
				84BFB554189E18640069A87A /* StoreKit.framework */,
				84BFB552189E18560069A87A /* Security.framework */,
				84BFB550189E184D0069A87A /* QuartzCore.framework */,
				84BFB54E189E18470069A87A /* MobileCoreServices.framework */,
				84BFB54C189E183D0069A87A /* libz.dylib */,
				84BFB54A189E18310069A87A /* CoreLocation.framework */,
				84BFB548189E18290069A87A /* CFNetwork.framework */,
				84BFB546189E18230069A87A /* AudioToolbox.framework */,
				84BFB50F189E12FD0069A87A /* Foundation.framework */,
				84BFB511189E12FD0069A87A /* CoreGraphics.framework */,
				84BFB513189E12FD0069A87A /* UIKit.framework */,
				84BFB52E189E12FD0069A87A /* XCTest.framework */,
			);
			name = Frameworks;
			sourceTree = "<group>";
		};
		84BFB515189E12FD0069A87A /* AqarNote */ = {
			isa = PBXGroup;
			children = (
				84BFB51E189E12FD0069A87A /* AppDelegate.h */,
				84BFB51F189E12FD0069A87A /* AppDelegate.m */,
				84BFB521189E12FD0069A87A /* Main.storyboard */,
				84B9051A18A26AFF003771E1 /* CallUsViewController.h */,
				84B9051B18A26AFF003771E1 /* CallUsViewController.m */,
				7C57A9FC18CF8E2000DE6259 /* User Controller */,
				84CC699C189FC5640027C844 /* Inspection Controller */,
				84BFB55C189E48540069A87A /* Listing Controller */,
				84BFB527189E12FD0069A87A /* Images.xcassets */,
				84BFB516189E12FD0069A87A /* Supporting Files */,
				84BFB567189E5F0F0069A87A /* Supporting Classes */,
				84BFB56D189E7CC00069A87A /* Resources */,
			);
			path = AqarNote;
			sourceTree = "<group>";
		};
		84BFB516189E12FD0069A87A /* Supporting Files */ = {
			isa = PBXGroup;
			children = (
				84BFB517189E12FD0069A87A /* AqarNote-Info.plist */,
				84BFB518189E12FD0069A87A /* InfoPlist.strings */,
				84BFB51B189E12FD0069A87A /* main.m */,
				84BFB51D189E12FD0069A87A /* AqarNote-Prefix.pch */,
			);
			name = "Supporting Files";
			sourceTree = "<group>";
		};
		84BFB534189E12FD0069A87A /* AqarNoteTests */ = {
			isa = PBXGroup;
			children = (
				84BFB53A189E12FD0069A87A /* AqarNoteTests.m */,
				84BFB535189E12FD0069A87A /* Supporting Files */,
			);
			path = AqarNoteTests;
			sourceTree = "<group>";
		};
		84BFB535189E12FD0069A87A /* Supporting Files */ = {
			isa = PBXGroup;
			children = (
				84BFB536189E12FD0069A87A /* AqarNoteTests-Info.plist */,
				84BFB537189E12FD0069A87A /* InfoPlist.strings */,
			);
			name = "Supporting Files";
			sourceTree = "<group>";
		};
		84BFB55C189E48540069A87A /* Listing Controller */ = {
			isa = PBXGroup;
			children = (
				84BFB524189E12FD0069A87A /* HomePageVC.h */,
				84BFB525189E12FD0069A87A /* HomePageVC.m */,
				84BFB55D189E48830069A87A /* AddNewAqarVC.h */,
				84BFB55E189E48830069A87A /* AddNewAqarVC.m */,
				84CC6987189F95270027C844 /* NotesVC.h */,
				84CC6988189F95270027C844 /* NotesVC.m */,
				84CC6996189FA3620027C844 /* ChoosePropertyVC.h */,
				84CC6997189FA3620027C844 /* ChoosePropertyVC.m */,
				84CC6976189F75950027C844 /* Custom Cells */,
			);
			path = "Listing Controller";
			sourceTree = "<group>";
		};
		84BFB567189E5F0F0069A87A /* Supporting Classes */ = {
			isa = PBXGroup;
			children = (
				84B904ED18A1FA5A003771E1 /* XCDFormInputAccessoryView.h */,
				84B904EE18A1FA5A003771E1 /* XCDFormInputAccessoryView.m */,
				84B904F018A1FAC0003771E1 /* XCDFormInputAccessory Recources */,
				84BFB568189E5F0F0069A87A /* MBProgressHUD.h */,
				84BFB569189E5F0F0069A87A /* MBProgressHUD.m */,
			);
			path = "Supporting Classes";
			sourceTree = "<group>";
		};
		84BFB56D189E7CC00069A87A /* Resources */ = {
			isa = PBXGroup;
			children = (
				7C57AA0518CF8EAE00DE6259 /* AqarNote_iPhone_assets */,
				84B904FE18A22F57003771E1 /* app icons */,
				84B904F918A228E3003771E1 /* Default.png */,
				84B9051618A26356003771E1 /* takePhotobkg.png */,
				84B9051718A26356003771E1 /* takePhotobkg@2x.png */,
				84B904FB18A22B8A003771E1 /* Default-690.png */,
				84CC6999189FC4030027C844 /* arrow_lift_side.png */,
				84CC6992189F9AA30027C844 /* activeSelectDefuilt.png */,
				84CC6993189F9AA30027C844 /* UnActiveSelectDefuilt.png */,
				84CC6985189F7B010027C844 /* default image.png */,
				84CC697C189F77510027C844 /* date_upcoming.png */,
				84CC697D189F77510027C844 /* icon_satellite.png */,
				84CC697E189F77510027C844 /* time_upcoming.png */,
				84CC6973189F607C0027C844 /* 37x-Checkmark.png */,
				84BFB56E189E7CC00069A87A /* secIcon.png */,
			);
			path = Resources;
			sourceTree = "<group>";
		};
		84CC6976189F75950027C844 /* Custom Cells */ = {
			isa = PBXGroup;
			children = (
				84CC6977189F760C0027C844 /* PropertyCell.h */,
				84CC6978189F760C0027C844 /* PropertyCell.m */,
				84CC697A189F761B0027C844 /* PropertyCell.xib */,
			);
			path = "Custom Cells";
			sourceTree = "<group>";
		};
		84CC699C189FC5640027C844 /* Inspection Controller */ = {
			isa = PBXGroup;
			children = (
				84CC699D189FC5740027C844 /* AddNewInspectionVC.h */,
				84CC699E189FC5740027C844 /* AddNewInspectionVC.m */,
				84CC698A189F95420027C844 /* InspectionsVC.h */,
				84CC698B189F95420027C844 /* InspectionsVC.m */,
				8496101A18A10C1100A94088 /* BrowseInspectionVC.h */,
				8496101B18A10C1100A94088 /* BrowseInspectionVC.m */,
				84CC69A0189FC5810027C844 /* Custom Cells */,
			);
			path = "Inspection Controller";
			sourceTree = "<group>";
		};
		84CC69A0189FC5810027C844 /* Custom Cells */ = {
			isa = PBXGroup;
			children = (
				84CC698D189F95CA0027C844 /* InspectionCell.h */,
				84CC698E189F95CA0027C844 /* InspectionCell.m */,
				84CC6990189F95E20027C844 /* InspectionCell.xib */,
			);
			name = "Custom Cells";
			sourceTree = "<group>";
		};
/* End PBXGroup section */

/* Begin PBXNativeTarget section */
		84BFB50B189E12FD0069A87A /* AqarNote */ = {
			isa = PBXNativeTarget;
			buildConfigurationList = 84BFB53E189E12FD0069A87A /* Build configuration list for PBXNativeTarget "AqarNote" */;
			buildPhases = (
				84BFB508189E12FD0069A87A /* Sources */,
				84BFB509189E12FD0069A87A /* Frameworks */,
				84BFB50A189E12FD0069A87A /* Resources */,
			);
			buildRules = (
			);
			dependencies = (
			);
			name = AqarNote;
			productName = AqarNote;
			productReference = 84BFB50C189E12FD0069A87A /* AqarNote.app */;
			productType = "com.apple.product-type.application";
		};
		84BFB52C189E12FD0069A87A /* AqarNoteTests */ = {
			isa = PBXNativeTarget;
			buildConfigurationList = 84BFB541189E12FD0069A87A /* Build configuration list for PBXNativeTarget "AqarNoteTests" */;
			buildPhases = (
				84BFB529189E12FD0069A87A /* Sources */,
				84BFB52A189E12FD0069A87A /* Frameworks */,
				84BFB52B189E12FD0069A87A /* Resources */,
			);
			buildRules = (
			);
			dependencies = (
				84BFB533189E12FD0069A87A /* PBXTargetDependency */,
			);
			name = AqarNoteTests;
			productName = AqarNoteTests;
			productReference = 84BFB52D189E12FD0069A87A /* AqarNoteTests.xctest */;
			productType = "com.apple.product-type.bundle.unit-test";
		};
/* End PBXNativeTarget section */

/* Begin PBXProject section */
		84BFB504189E12FD0069A87A /* Project object */ = {
			isa = PBXProject;
			attributes = {
				LastUpgradeCheck = 0500;
				ORGANIZATIONNAME = Danat;
				TargetAttributes = {
					84BFB52C189E12FD0069A87A = {
						TestTargetID = 84BFB50B189E12FD0069A87A;
					};
				};
			};
			buildConfigurationList = 84BFB507189E12FD0069A87A /* Build configuration list for PBXProject "AqarNote" */;
			compatibilityVersion = "Xcode 3.2";
			developmentRegion = English;
			hasScannedForEncodings = 0;
			knownRegions = (
				en,
				Base,
			);
			mainGroup = 84BFB503189E12FD0069A87A;
			productRefGroup = 84BFB50D189E12FD0069A87A /* Products */;
			projectDirPath = "";
			projectRoot = "";
			targets = (
				84BFB50B189E12FD0069A87A /* AqarNote */,
				84BFB52C189E12FD0069A87A /* AqarNoteTests */,
			);
		};
/* End PBXProject section */

/* Begin PBXResourcesBuildPhase section */
		84BFB50A189E12FD0069A87A /* Resources */ = {
			isa = PBXResourcesBuildPhase;
			buildActionMask = 2147483647;
			files = (
				7C57AAA918CF8EAE00DE6259 /* ok_circle_green_btn@2x.png in Resources */,
				7C57AA8418CF8EAE00DE6259 /* dirty_circle_green_btn.png in Resources */,
				7C57AA7C18CF8EAE00DE6259 /* clean_room_icon.png in Resources */,
				7C57AAB818CF8EAE00DE6259 /* select_property.png in Resources */,
				7CBC230B18D0A7350035D3E4 /* tabe_notes.png in Resources */,
				7C57AAC918CF8EAE00DE6259 /* you_have_account@2x.png in Resources */,
				7C57AAB218CF8EAE00DE6259 /* plus.png in Resources */,
				7C57AA7718CF8EAE00DE6259 /* broken_circle_green_btn@2x.png in Resources */,
				7C57AA6918CF8EAE00DE6259 /* add_new_property_arrow@2x.png in Resources */,
				84BFB528189E12FD0069A87A /* Images.xcassets in Resources */,
				7C57AAB118CF8EAE00DE6259 /* photo_camera_btn@2x.png in Resources */,
				7C57AA8618CF8EAE00DE6259 /* forgot_password_tit.png in Resources */,
				7C57AA9D18CF8EAE00DE6259 /* living_room_icon@2x.png in Resources */,
				7C57AAB418CF8EAE00DE6259 /* register_new_account_btn.png in Resources */,
				7C57AAC318CF8EAE00DE6259 /* text_field@2x.png in Resources */,
				7CBC230818D0A7350035D3E4 /* homebkg@2x.png in Resources */,
				7CBC230618D0A7350035D3E4 /* add_new_inspections_arrow@2x.png in Resources */,
				84B9050A18A22F57003771E1 /* 120.png in Resources */,
				7C57AAAC18CF8EAE00DE6259 /* orange_bar_save.png in Resources */,
				84BFB56F189E7CC00069A87A /* secIcon.png in Resources */,
				84B9051018A22F57003771E1 /* 60.png in Resources */,
				7C57AABA18CF8EAE00DE6259 /* sign_in_btn.png in Resources */,
				7C57AA8118CF8EAE00DE6259 /* dining_room_icon@2x.png in Resources */,
				7C57AA8718CF8EAE00DE6259 /* forgot_password_tit@2x.png in Resources */,
				7C57AAAA18CF8EAE00DE6259 /* orange_bar_addnew_section.png in Resources */,
				7C57AA8218CF8EAE00DE6259 /* dirty_circle_btn.png in Resources */,
				84B9050B18A22F57003771E1 /* 152.png in Resources */,
				84B904F518A1FAC0003771E1 /* Accessory_left.png in Resources */,
				7C57AA7018CF8EAE00DE6259 /* big_logo_white.png in Resources */,
				84B9051818A26356003771E1 /* takePhotobkg.png in Resources */,
				84B9050918A22F57003771E1 /* 1024.png in Resources */,
				7C57AA7618CF8EAE00DE6259 /* broken_circle_green_btn.png in Resources */,
				84CC6991189F95E20027C844 /* InspectionCell.xib in Resources */,
				7C57AA8018CF8EAE00DE6259 /* dining_room_icon.png in Resources */,
				7C57AA7418CF8EAE00DE6259 /* broken_circle_btn.png in Resources */,
				7C57AA9818CF8EAE00DE6259 /* header_white_arrow.png in Resources */,
				84CC699A189FC4030027C844 /* arrow_lift_side.png in Resources */,
				7C57AAB718CF8EAE00DE6259 /* Search@2x.png in Resources */,
				84B9051118A22F57003771E1 /* 76.png in Resources */,
				7C57AAA418CF8EAE00DE6259 /* notice_circle_green_btn.png in Resources */,
				7C57AAC518CF8EAE00DE6259 /* text_green_field@2x.png in Resources */,
				7C57AAAB18CF8EAE00DE6259 /* orange_bar_addnew_section@2x.png in Resources */,
				84BFB51A189E12FD0069A87A /* InfoPlist.strings in Resources */,
				7C57AA6F18CF8EAE00DE6259 /* bathroom_icon@2x.png in Resources */,
				7C57AA9918CF8EAE00DE6259 /* header_white_arrow@2x.png in Resources */,
				7C57AA8918CF8EAE00DE6259 /* garden_room_icon@2x.png in Resources */,
				7C57AA7218CF8EAE00DE6259 /* blue_pin.png in Resources */,
				7CBC230518D0A7350035D3E4 /* add_new_inspections_arrow.png in Resources */,
				7C57AA6A18CF8EAE00DE6259 /* add_new_propority_arrow.png in Resources */,
				7C57AA7E18CF8EAE00DE6259 /* cooknig_icon.png in Resources */,
				7C57AAC718CF8EAE00DE6259 /* white_dot_option@2x.png in Resources */,
				7C57AA8518CF8EAE00DE6259 /* dirty_circle_green_btn@2x.png in Resources */,
				7C57AA7518CF8EAE00DE6259 /* broken_circle_btn@2x.png in Resources */,
				7C57AA9618CF8EAE00DE6259 /* header_logo.png in Resources */,
				7C57AA7D18CF8EAE00DE6259 /* clean_room_icon@2x.png in Resources */,
				84B904F818A1FAC0003771E1 /* Accessory_right@2x.png in Resources */,
				7C57AA7318CF8EAE00DE6259 /* blue_pin@2x.png in Resources */,
				7C57AA7818CF8EAE00DE6259 /* clean_circle_btn.png in Resources */,
				7C57AA9C18CF8EAE00DE6259 /* living_room_icon.png in Resources */,
				7C57AAAD18CF8EAE00DE6259 /* orange_bar_save@2x.png in Resources */,
				7C57AAA618CF8EAE00DE6259 /* ok_circle_btn.png in Resources */,
				7C57AA8F18CF8EAE00DE6259 /* green_dot_option@2x.png in Resources */,
				7C57AAB618CF8EAE00DE6259 /* Search.png in Resources */,
				7C57AA6C18CF8EAE00DE6259 /* badroom_icon.png in Resources */,
				84B904FC18A22B8A003771E1 /* Default-690.png in Resources */,
				7C57AAC218CF8EAE00DE6259 /* text_field.png in Resources */,
				7C57AAAE18CF8EAE00DE6259 /* orange_bar_send_report_btn.png in Resources */,
				84BFB523189E12FD0069A87A /* Main.storyboard in Resources */,
				84B9050C18A22F57003771E1 /* 29.png in Resources */,
				7C57AA9B18CF8EAE00DE6259 /* list_side_arrow@2x.png in Resources */,
				84B9051218A22F57003771E1 /* 80.png in Resources */,
				84CC6995189F9AA30027C844 /* UnActiveSelectDefuilt.png in Resources */,
				7C57AAC618CF8EAE00DE6259 /* white_dot_option.png in Resources */,
				7C57AA6E18CF8EAE00DE6259 /* bathroom_icon.png in Resources */,
				7C57AA7F18CF8EAE00DE6259 /* cooknig_icon@2x.png in Resources */,
				7C57AAB518CF8EAE00DE6259 /* register_new_account_btn@2x.png in Resources */,
				84B904F618A1FAC0003771E1 /* Accessory_left@2x.png in Resources */,
				84B9051918A26356003771E1 /* takePhotobkg@2x.png in Resources */,
				7C57AAB318CF8EAE00DE6259 /* plus@2x.png in Resources */,
				7C57AA7B18CF8EAE00DE6259 /* clean_circle_green_btn@2x.png in Resources */,
				7C57AA7918CF8EAE00DE6259 /* clean_circle_btn@2x.png in Resources */,
				7C57AA7118CF8EAE00DE6259 /* big_logo_white@2x.png in Resources */,
				7C57AA9E18CF8EAE00DE6259 /* Lobby_icon.png in Resources */,
				7C57AAB018CF8EAE00DE6259 /* photo_camera_btn.png in Resources */,
				7C57AAC418CF8EAE00DE6259 /* text_green_field.png in Resources */,
				7C57AA9718CF8EAE00DE6259 /* header_logo@2x.png in Resources */,
				7C57AAAF18CF8EAE00DE6259 /* orange_bar_send_report_btn@2x.png in Resources */,
				7C57AAA118CF8EAE00DE6259 /* note_write_field@2x.png in Resources */,
				84B9050D18A22F57003771E1 /* 40.png in Resources */,
				84CC6980189F77510027C844 /* icon_satellite.png in Resources */,
				84B904FA18A228E3003771E1 /* Default.png in Resources */,
				7C57AAA318CF8EAE00DE6259 /* notice_circle_btn@2x.png in Resources */,
				7CBC230C18D0A7350035D3E4 /* tabe_notes@2x.png in Resources */,
				7C57AA8C18CF8EAE00DE6259 /* good_circvle_green_btn.png in Resources */,
				84CC697B189F761B0027C844 /* PropertyCell.xib in Resources */,
				7C57AA7A18CF8EAE00DE6259 /* clean_circle_green_btn.png in Resources */,
				84CC6994189F9AA30027C844 /* activeSelectDefuilt.png in Resources */,
				7C57AA8D18CF8EAE00DE6259 /* good_circvle_green_btn@2x.png in Resources */,
				7C57AAB918CF8EAE00DE6259 /* select_property@2x.png in Resources */,
				7C57AABB18CF8EAE00DE6259 /* sign_in_btn@2x.png in Resources */,
				7CBC230918D0A7350035D3E4 /* tabe_inspection.png in Resources */,
				7CBC230E18D0A7350035D3E4 /* tabe_propority@2x.png in Resources */,
				84B9050E18A22F57003771E1 /* 512.png in Resources */,
				84CC6986189F7B010027C844 /* default image.png in Resources */,
				84B9050F18A22F57003771E1 /* 58.png in Resources */,
				7C57AA8318CF8EAE00DE6259 /* dirty_circle_btn@2x.png in Resources */,
				7C57AA8E18CF8EAE00DE6259 /* green_dot_option.png in Resources */,
				7C57AAA518CF8EAE00DE6259 /* notice_circle_green_btn@2x.png in Resources */,
				7C57AA6B18CF8EAE00DE6259 /* add_new_propority_arrow@2x.png in Resources */,
				7CBC230A18D0A7350035D3E4 /* tabe_inspection@2x.png in Resources */,
				7C57AA8818CF8EAE00DE6259 /* garden_room_icon.png in Resources */,
				7C57AA6D18CF8EAE00DE6259 /* badroom_icon@2x.png in Resources */,
				7C57AAA818CF8EAE00DE6259 /* ok_circle_green_btn.png in Resources */,
				84B904F718A1FAC0003771E1 /* Accessory_right.png in Resources */,
				84CC6981189F77510027C844 /* time_upcoming.png in Resources */,
				7C57AA8B18CF8EAE00DE6259 /* good_circvle_btn@2x.png in Resources */,
				7CBC230D18D0A7350035D3E4 /* tabe_propority.png in Resources */,
				7C57AAA218CF8EAE00DE6259 /* notice_circle_btn.png in Resources */,
				84CC697F189F77510027C844 /* date_upcoming.png in Resources */,
				7CBC230718D0A7350035D3E4 /* homebkg.png in Resources */,
				7C57AA9A18CF8EAE00DE6259 /* list_side_arrow.png in Resources */,
				7C57AAA018CF8EAE00DE6259 /* note_write_field.png in Resources */,
				7C57AA6818CF8EAE00DE6259 /* add_new_property_arrow.png in Resources */,
				7C57AA8A18CF8EAE00DE6259 /* good_circvle_btn.png in Resources */,
				7C57AA9F18CF8EAE00DE6259 /* Lobby_icon@2x.png in Resources */,
				84CC6974189F607C0027C844 /* 37x-Checkmark.png in Resources */,
				7C57AAA718CF8EAE00DE6259 /* ok_circle_btn@2x.png in Resources */,
				7C57AAC818CF8EAE00DE6259 /* you_have_account.png in Resources */,
			);
			runOnlyForDeploymentPostprocessing = 0;
		};
		84BFB52B189E12FD0069A87A /* Resources */ = {
			isa = PBXResourcesBuildPhase;
			buildActionMask = 2147483647;
			files = (
				84BFB539189E12FD0069A87A /* InfoPlist.strings in Resources */,
			);
			runOnlyForDeploymentPostprocessing = 0;
		};
/* End PBXResourcesBuildPhase section */

/* Begin PBXSourcesBuildPhase section */
		84BFB508189E12FD0069A87A /* Sources */ = {
			isa = PBXSourcesBuildPhase;
			buildActionMask = 2147483647;
			files = (
				84BFB526189E12FD0069A87A /* HomePageVC.m in Sources */,
				84CC698F189F95CA0027C844 /* InspectionCell.m in Sources */,
				7C57AA0318CF8E2000DE6259 /* LoginVC.m in Sources */,
				84CC6998189FA3620027C844 /* ChoosePropertyVC.m in Sources */,
				7C57AA0418CF8E2000DE6259 /* SignUpVC.m in Sources */,
				84BFB520189E12FD0069A87A /* AppDelegate.m in Sources */,
				84B9051C18A26AFF003771E1 /* CallUsViewController.m in Sources */,
				84CC698C189F95420027C844 /* InspectionsVC.m in Sources */,
				84CC6979189F760C0027C844 /* PropertyCell.m in Sources */,
				84CC6989189F95270027C844 /* NotesVC.m in Sources */,
				84B904EF18A1FA5A003771E1 /* XCDFormInputAccessoryView.m in Sources */,
				84BFB56A189E5F0F0069A87A /* MBProgressHUD.m in Sources */,
				84BFB55F189E48830069A87A /* AddNewAqarVC.m in Sources */,
				84CC699F189FC5740027C844 /* AddNewInspectionVC.m in Sources */,
				8496101C18A10C1100A94088 /* BrowseInspectionVC.m in Sources */,
				84BFB51C189E12FD0069A87A /* main.m in Sources */,
			);
			runOnlyForDeploymentPostprocessing = 0;
		};
		84BFB529189E12FD0069A87A /* Sources */ = {
			isa = PBXSourcesBuildPhase;
			buildActionMask = 2147483647;
			files = (
				84BFB53B189E12FD0069A87A /* AqarNoteTests.m in Sources */,
			);
			runOnlyForDeploymentPostprocessing = 0;
		};
/* End PBXSourcesBuildPhase section */

/* Begin PBXTargetDependency section */
		84BFB533189E12FD0069A87A /* PBXTargetDependency */ = {
			isa = PBXTargetDependency;
			target = 84BFB50B189E12FD0069A87A /* AqarNote */;
			targetProxy = 84BFB532189E12FD0069A87A /* PBXContainerItemProxy */;
		};
/* End PBXTargetDependency section */

/* Begin PBXVariantGroup section */
		84BFB518189E12FD0069A87A /* InfoPlist.strings */ = {
			isa = PBXVariantGroup;
			children = (
				84BFB519189E12FD0069A87A /* en */,
			);
			name = InfoPlist.strings;
			sourceTree = "<group>";
		};
		84BFB521189E12FD0069A87A /* Main.storyboard */ = {
			isa = PBXVariantGroup;
			children = (
				84BFB522189E12FD0069A87A /* Base */,
			);
			name = Main.storyboard;
			sourceTree = "<group>";
		};
		84BFB537189E12FD0069A87A /* InfoPlist.strings */ = {
			isa = PBXVariantGroup;
			children = (
				84BFB538189E12FD0069A87A /* en */,
			);
			name = InfoPlist.strings;
			sourceTree = "<group>";
		};
/* End PBXVariantGroup section */

/* Begin XCBuildConfiguration section */
		84BFB53C189E12FD0069A87A /* Debug */ = {
			isa = XCBuildConfiguration;
			buildSettings = {
				ALWAYS_SEARCH_USER_PATHS = NO;
				ARCHS = "$(ARCHS_STANDARD_INCLUDING_64_BIT)";
				CLANG_CXX_LANGUAGE_STANDARD = "gnu++0x";
				CLANG_CXX_LIBRARY = "libc++";
				CLANG_ENABLE_MODULES = YES;
				CLANG_ENABLE_OBJC_ARC = YES;
				CLANG_WARN_BOOL_CONVERSION = YES;
				CLANG_WARN_CONSTANT_CONVERSION = YES;
				CLANG_WARN_DIRECT_OBJC_ISA_USAGE = YES_ERROR;
				CLANG_WARN_EMPTY_BODY = YES;
				CLANG_WARN_ENUM_CONVERSION = YES;
				CLANG_WARN_INT_CONVERSION = YES;
				CLANG_WARN_OBJC_ROOT_CLASS = YES_ERROR;
				CLANG_WARN__DUPLICATE_METHOD_MATCH = YES;
				"CODE_SIGN_IDENTITY[sdk=iphoneos*]" = "iPhone Developer";
				COPY_PHASE_STRIP = NO;
				GCC_C_LANGUAGE_STANDARD = gnu99;
				GCC_DYNAMIC_NO_PIC = NO;
				GCC_OPTIMIZATION_LEVEL = 0;
				GCC_PREPROCESSOR_DEFINITIONS = (
					"DEBUG=1",
					"$(inherited)",
				);
				GCC_SYMBOLS_PRIVATE_EXTERN = NO;
				GCC_WARN_64_TO_32_BIT_CONVERSION = YES;
				GCC_WARN_ABOUT_RETURN_TYPE = YES_ERROR;
				GCC_WARN_UNDECLARED_SELECTOR = YES;
				GCC_WARN_UNINITIALIZED_AUTOS = YES;
				GCC_WARN_UNUSED_FUNCTION = YES;
				GCC_WARN_UNUSED_VARIABLE = YES;
				IPHONEOS_DEPLOYMENT_TARGET = 7.0;
				ONLY_ACTIVE_ARCH = YES;
				SDKROOT = iphoneos;
			};
			name = Debug;
		};
		84BFB53D189E12FD0069A87A /* Release */ = {
			isa = XCBuildConfiguration;
			buildSettings = {
				ALWAYS_SEARCH_USER_PATHS = NO;
				ARCHS = "$(ARCHS_STANDARD_INCLUDING_64_BIT)";
				CLANG_CXX_LANGUAGE_STANDARD = "gnu++0x";
				CLANG_CXX_LIBRARY = "libc++";
				CLANG_ENABLE_MODULES = YES;
				CLANG_ENABLE_OBJC_ARC = YES;
				CLANG_WARN_BOOL_CONVERSION = YES;
				CLANG_WARN_CONSTANT_CONVERSION = YES;
				CLANG_WARN_DIRECT_OBJC_ISA_USAGE = YES_ERROR;
				CLANG_WARN_EMPTY_BODY = YES;
				CLANG_WARN_ENUM_CONVERSION = YES;
				CLANG_WARN_INT_CONVERSION = YES;
				CLANG_WARN_OBJC_ROOT_CLASS = YES_ERROR;
				CLANG_WARN__DUPLICATE_METHOD_MATCH = YES;
				"CODE_SIGN_IDENTITY[sdk=iphoneos*]" = "iPhone Developer";
				COPY_PHASE_STRIP = YES;
				ENABLE_NS_ASSERTIONS = NO;
				GCC_C_LANGUAGE_STANDARD = gnu99;
				GCC_WARN_64_TO_32_BIT_CONVERSION = YES;
				GCC_WARN_ABOUT_RETURN_TYPE = YES_ERROR;
				GCC_WARN_UNDECLARED_SELECTOR = YES;
				GCC_WARN_UNINITIALIZED_AUTOS = YES;
				GCC_WARN_UNUSED_FUNCTION = YES;
				GCC_WARN_UNUSED_VARIABLE = YES;
				IPHONEOS_DEPLOYMENT_TARGET = 7.0;
				SDKROOT = iphoneos;
				VALIDATE_PRODUCT = YES;
			};
			name = Release;
		};
		84BFB53F189E12FD0069A87A /* Debug */ = {
			isa = XCBuildConfiguration;
			buildSettings = {
				FRAMEWORK_SEARCH_PATHS = (
					"$(inherited)",
					/Users/admin/Desktop/AqarNote/Libraries,
					"/Users/noor/Documents/Danat\\ Projects/iOS\\ Projects/AqarNote/aqaarnote/AqarNote_old/Libraries",
				);
				GCC_PRECOMPILE_PREFIX_HEADER = YES;
				GCC_PREFIX_HEADER = "AqarNote/AqarNote-Prefix.pch";
				INFOPLIST_FILE = "AqarNote/AqarNote-Info.plist";
				PRODUCT_NAME = "$(TARGET_NAME)";
				WRAPPER_EXTENSION = app;
			};
			name = Debug;
		};
		84BFB540189E12FD0069A87A /* Release */ = {
			isa = XCBuildConfiguration;
			buildSettings = {
				FRAMEWORK_SEARCH_PATHS = (
					"$(inherited)",
					/Users/admin/Desktop/AqarNote/Libraries,
					"/Users/noor/Documents/Danat\\ Projects/iOS\\ Projects/AqarNote/aqaarnote/AqarNote_old/Libraries",
				);
				GCC_PRECOMPILE_PREFIX_HEADER = YES;
				GCC_PREFIX_HEADER = "AqarNote/AqarNote-Prefix.pch";
				INFOPLIST_FILE = "AqarNote/AqarNote-Info.plist";
				PRODUCT_NAME = "$(TARGET_NAME)";
				WRAPPER_EXTENSION = app;
			};
			name = Release;
		};
		84BFB542189E12FD0069A87A /* Debug */ = {
			isa = XCBuildConfiguration;
			buildSettings = {
				ARCHS = "$(ARCHS_STANDARD_INCLUDING_64_BIT)";
				BUNDLE_LOADER = "$(BUILT_PRODUCTS_DIR)/AqarNote.app/AqarNote";
				FRAMEWORK_SEARCH_PATHS = (
					"$(SDKROOT)/Developer/Library/Frameworks",
					"$(inherited)",
					"$(DEVELOPER_FRAMEWORKS_DIR)",
				);
				GCC_PRECOMPILE_PREFIX_HEADER = YES;
				GCC_PREFIX_HEADER = "AqarNote/AqarNote-Prefix.pch";
				GCC_PREPROCESSOR_DEFINITIONS = (
					"DEBUG=1",
					"$(inherited)",
				);
				INFOPLIST_FILE = "AqarNoteTests/AqarNoteTests-Info.plist";
				PRODUCT_NAME = "$(TARGET_NAME)";
				TEST_HOST = "$(BUNDLE_LOADER)";
				WRAPPER_EXTENSION = xctest;
			};
			name = Debug;
		};
		84BFB543189E12FD0069A87A /* Release */ = {
			isa = XCBuildConfiguration;
			buildSettings = {
				ARCHS = "$(ARCHS_STANDARD_INCLUDING_64_BIT)";
				BUNDLE_LOADER = "$(BUILT_PRODUCTS_DIR)/AqarNote.app/AqarNote";
				FRAMEWORK_SEARCH_PATHS = (
					"$(SDKROOT)/Developer/Library/Frameworks",
					"$(inherited)",
					"$(DEVELOPER_FRAMEWORKS_DIR)",
				);
				GCC_PRECOMPILE_PREFIX_HEADER = YES;
				GCC_PREFIX_HEADER = "AqarNote/AqarNote-Prefix.pch";
				INFOPLIST_FILE = "AqarNoteTests/AqarNoteTests-Info.plist";
				PRODUCT_NAME = "$(TARGET_NAME)";
				TEST_HOST = "$(BUNDLE_LOADER)";
				WRAPPER_EXTENSION = xctest;
			};
			name = Release;
		};
/* End XCBuildConfiguration section */

/* Begin XCConfigurationList section */
		84BFB507189E12FD0069A87A /* Build configuration list for PBXProject "AqarNote" */ = {
			isa = XCConfigurationList;
			buildConfigurations = (
				84BFB53C189E12FD0069A87A /* Debug */,
				84BFB53D189E12FD0069A87A /* Release */,
			);
			defaultConfigurationIsVisible = 0;
			defaultConfigurationName = Release;
		};
		84BFB53E189E12FD0069A87A /* Build configuration list for PBXNativeTarget "AqarNote" */ = {
			isa = XCConfigurationList;
			buildConfigurations = (
				84BFB53F189E12FD0069A87A /* Debug */,
				84BFB540189E12FD0069A87A /* Release */,
			);
			defaultConfigurationIsVisible = 0;
			defaultConfigurationName = Release;
		};
		84BFB541189E12FD0069A87A /* Build configuration list for PBXNativeTarget "AqarNoteTests" */ = {
			isa = XCConfigurationList;
			buildConfigurations = (
				84BFB542189E12FD0069A87A /* Debug */,
				84BFB543189E12FD0069A87A /* Release */,
			);
			defaultConfigurationIsVisible = 0;
			defaultConfigurationName = Release;
		};
/* End XCConfigurationList section */
	};
	rootObject = 84BFB504189E12FD0069A87A /* Project object */;
}
